// !$*UTF8*$!
{
	archiveVersion = 1;
	classes = {
	};
	objectVersion = 56;
	objects = {

/* Begin PBXBuildFile section */
		4C4309812A14BD2900D5CD62 /* missions.json in Resources */ = {isa = PBXBuildFile; fileRef = 4C43097F2A14BD2900D5CD62 /* missions.json */; };
		4C4309822A14BD2900D5CD62 /* astronauts.json in Resources */ = {isa = PBXBuildFile; fileRef = 4C4309802A14BD2900D5CD62 /* astronauts.json */; };
		4C4309842A14BDC000D5CD62 /* Astronaut.swift in Sources */ = {isa = PBXBuildFile; fileRef = 4C4309832A14BDC000D5CD62 /* Astronaut.swift */; };
		4C4309862A14C0EE00D5CD62 /* Bundle-Decodable.swift in Sources */ = {isa = PBXBuildFile; fileRef = 4C4309852A14C0EE00D5CD62 /* Bundle-Decodable.swift */; };
		4C4309882A14C83800D5CD62 /* Misson.swift in Sources */ = {isa = PBXBuildFile; fileRef = 4C4309872A14C83800D5CD62 /* Misson.swift */; };
		4C43098A2A14CFA100D5CD62 /* Color-Theme.swift in Sources */ = {isa = PBXBuildFile; fileRef = 4C4309892A14CFA100D5CD62 /* Color-Theme.swift */; };
		4C43098C2A14D06500D5CD62 /* MissionItem.swift in Sources */ = {isa = PBXBuildFile; fileRef = 4C43098B2A14D06500D5CD62 /* MissionItem.swift */; };
		4C4FA0612A10D361003FBF12 /* MoonshotApp.swift in Sources */ = {isa = PBXBuildFile; fileRef = 4C4FA0602A10D361003FBF12 /* MoonshotApp.swift */; };
		4C4FA0632A10D361003FBF12 /* ContentView.swift in Sources */ = {isa = PBXBuildFile; fileRef = 4C4FA0622A10D361003FBF12 /* ContentView.swift */; };
		4C4FA0652A10D362003FBF12 /* Assets.xcassets in Resources */ = {isa = PBXBuildFile; fileRef = 4C4FA0642A10D362003FBF12 /* Assets.xcassets */; };
		4C4FA0682A10D362003FBF12 /* Preview Assets.xcassets in Resources */ = {isa = PBXBuildFile; fileRef = 4C4FA0672A10D362003FBF12 /* Preview Assets.xcassets */; };
		4C4FA06F2A10D5AF003FBF12 /* ImageGeometryReader.swift in Sources */ = {isa = PBXBuildFile; fileRef = 4C4FA06E2A10D5AF003FBF12 /* ImageGeometryReader.swift */; };
		4C673D762A125CCA00C045F1 /* ScrollViewWithScrollingData.swift in Sources */ = {isa = PBXBuildFile; fileRef = 4C673D752A125CCA00C045F1 /* ScrollViewWithScrollingData.swift */; };
		4C673D782A125F7700C045F1 /* NewViewWithNavigationView.swift in Sources */ = {isa = PBXBuildFile; fileRef = 4C673D772A125F7700C045F1 /* NewViewWithNavigationView.swift */; };
		4C673D7A2A1261DC00C045F1 /* HierarchicalCodable.swift in Sources */ = {isa = PBXBuildFile; fileRef = 4C673D792A1261DC00C045F1 /* HierarchicalCodable.swift */; };
		4C673D7C2A12642200C045F1 /* ScrollingGrid.swift in Sources */ = {isa = PBXBuildFile; fileRef = 4C673D7B2A12642200C045F1 /* ScrollingGrid.swift */; };
		4CB2A9DB2A18BE0E003B77C7 /* MissionView.swift in Sources */ = {isa = PBXBuildFile; fileRef = 4CB2A9DA2A18BE0E003B77C7 /* MissionView.swift */; };
		4CB2A9DD2A18C774003B77C7 /* AstronautView.swift in Sources */ = {isa = PBXBuildFile; fileRef = 4CB2A9DC2A18C774003B77C7 /* AstronautView.swift */; };
/* End PBXBuildFile section */

/* Begin PBXFileReference section */
		4C43097F2A14BD2900D5CD62 /* missions.json */ = {isa = PBXFileReference; fileEncoding = 4; lastKnownFileType = text.json; path = missions.json; sourceTree = "<group>"; };
		4C4309802A14BD2900D5CD62 /* astronauts.json */ = {isa = PBXFileReference; fileEncoding = 4; lastKnownFileType = text.json; path = astronauts.json; sourceTree = "<group>"; };
		4C4309832A14BDC000D5CD62 /* Astronaut.swift */ = {isa = PBXFileReference; lastKnownFileType = sourcecode.swift; path = Astronaut.swift; sourceTree = "<group>"; };
		4C4309852A14C0EE00D5CD62 /* Bundle-Decodable.swift */ = {isa = PBXFileReference; lastKnownFileType = sourcecode.swift; path = "Bundle-Decodable.swift"; sourceTree = "<group>"; };
		4C4309872A14C83800D5CD62 /* Misson.swift */ = {isa = PBXFileReference; lastKnownFileType = sourcecode.swift; path = Misson.swift; sourceTree = "<group>"; };
		4C4309892A14CFA100D5CD62 /* Color-Theme.swift */ = {isa = PBXFileReference; lastKnownFileType = sourcecode.swift; path = "Color-Theme.swift"; sourceTree = "<group>"; };
		4C43098B2A14D06500D5CD62 /* MissionItem.swift */ = {isa = PBXFileReference; lastKnownFileType = sourcecode.swift; path = MissionItem.swift; sourceTree = "<group>"; };
		4C4FA05D2A10D361003FBF12 /* Moonshot.app */ = {isa = PBXFileReference; explicitFileType = wrapper.application; includeInIndex = 0; path = Moonshot.app; sourceTree = BUILT_PRODUCTS_DIR; };
		4C4FA0602A10D361003FBF12 /* MoonshotApp.swift */ = {isa = PBXFileReference; lastKnownFileType = sourcecode.swift; path = MoonshotApp.swift; sourceTree = "<group>"; };
		4C4FA0622A10D361003FBF12 /* ContentView.swift */ = {isa = PBXFileReference; lastKnownFileType = sourcecode.swift; path = ContentView.swift; sourceTree = "<group>"; };
		4C4FA0642A10D362003FBF12 /* Assets.xcassets */ = {isa = PBXFileReference; lastKnownFileType = folder.assetcatalog; path = Assets.xcassets; sourceTree = "<group>"; };
		4C4FA0672A10D362003FBF12 /* Preview Assets.xcassets */ = {isa = PBXFileReference; lastKnownFileType = folder.assetcatalog; path = "Preview Assets.xcassets"; sourceTree = "<group>"; };
		4C4FA06E2A10D5AF003FBF12 /* ImageGeometryReader.swift */ = {isa = PBXFileReference; lastKnownFileType = sourcecode.swift; path = ImageGeometryReader.swift; sourceTree = "<group>"; };
		4C673D752A125CCA00C045F1 /* ScrollViewWithScrollingData.swift */ = {isa = PBXFileReference; lastKnownFileType = sourcecode.swift; path = ScrollViewWithScrollingData.swift; sourceTree = "<group>"; };
		4C673D772A125F7700C045F1 /* NewViewWithNavigationView.swift */ = {isa = PBXFileReference; lastKnownFileType = sourcecode.swift; path = NewViewWithNavigationView.swift; sourceTree = "<group>"; };
		4C673D792A1261DC00C045F1 /* HierarchicalCodable.swift */ = {isa = PBXFileReference; lastKnownFileType = sourcecode.swift; path = HierarchicalCodable.swift; sourceTree = "<group>"; };
		4C673D7B2A12642200C045F1 /* ScrollingGrid.swift */ = {isa = PBXFileReference; lastKnownFileType = sourcecode.swift; path = ScrollingGrid.swift; sourceTree = "<group>"; };
		4CB2A9DA2A18BE0E003B77C7 /* MissionView.swift */ = {isa = PBXFileReference; lastKnownFileType = sourcecode.swift; path = MissionView.swift; sourceTree = "<group>"; };
		4CB2A9DC2A18C774003B77C7 /* AstronautView.swift */ = {isa = PBXFileReference; lastKnownFileType = sourcecode.swift; path = AstronautView.swift; sourceTree = "<group>"; };
/* End PBXFileReference section */

/* Begin PBXFrameworksBuildPhase section */
		4C4FA05A2A10D361003FBF12 /* Frameworks */ = {
			isa = PBXFrameworksBuildPhase;
			buildActionMask = 2147483647;
			files = (
			);
			runOnlyForDeploymentPostprocessing = 0;
		};
/* End PBXFrameworksBuildPhase section */

/* Begin PBXGroup section */
		4C4FA0542A10D361003FBF12 = {
			isa = PBXGroup;
			children = (
				4C4FA05F2A10D361003FBF12 /* Moonshot */,
				4C4FA05E2A10D361003FBF12 /* Products */,
			);
			sourceTree = "<group>";
		};
		4C4FA05E2A10D361003FBF12 /* Products */ = {
			isa = PBXGroup;
			children = (
				4C4FA05D2A10D361003FBF12 /* Moonshot.app */,
			);
			name = Products;
			sourceTree = "<group>";
		};
		4C4FA05F2A10D361003FBF12 /* Moonshot */ = {
			isa = PBXGroup;
			children = (
				4CB2A9D92A18BDD3003B77C7 /* Tutorials */,
				4C4FA0602A10D361003FBF12 /* MoonshotApp.swift */,
				4C4FA0622A10D361003FBF12 /* ContentView.swift */,
				4C4309802A14BD2900D5CD62 /* astronauts.json */,
				4C4309832A14BDC000D5CD62 /* Astronaut.swift */,
				4C43097F2A14BD2900D5CD62 /* missions.json */,
				4C4FA0642A10D362003FBF12 /* Assets.xcassets */,
				4C4FA0662A10D362003FBF12 /* Preview Content */,
				4C4309852A14C0EE00D5CD62 /* Bundle-Decodable.swift */,
				4C4309872A14C83800D5CD62 /* Misson.swift */,
				4C4309892A14CFA100D5CD62 /* Color-Theme.swift */,
				4C43098B2A14D06500D5CD62 /* MissionItem.swift */,
				4CB2A9DC2A18C774003B77C7 /* AstronautView.swift */,
			);
			path = Moonshot;
			sourceTree = "<group>";
		};
		4C4FA0662A10D362003FBF12 /* Preview Content */ = {
			isa = PBXGroup;
			children = (
				4C4FA0672A10D362003FBF12 /* Preview Assets.xcassets */,
			);
			path = "Preview Content";
			sourceTree = "<group>";
		};
		4CB2A9D92A18BDD3003B77C7 /* Tutorials */ = {
			isa = PBXGroup;
			children = (
				4C673D752A125CCA00C045F1 /* ScrollViewWithScrollingData.swift */,
				4C4FA06E2A10D5AF003FBF12 /* ImageGeometryReader.swift */,
				4C673D772A125F7700C045F1 /* NewViewWithNavigationView.swift */,
				4C673D792A1261DC00C045F1 /* HierarchicalCodable.swift */,
				4C673D7B2A12642200C045F1 /* ScrollingGrid.swift */,
				4CB2A9DA2A18BE0E003B77C7 /* MissionView.swift */,
			);
			path = Tutorials;
			sourceTree = "<group>";
		};
/* End PBXGroup section */

/* Begin PBXNativeTarget section */
		4C4FA05C2A10D361003FBF12 /* Moonshot */ = {
			isa = PBXNativeTarget;
			buildConfigurationList = 4C4FA06B2A10D362003FBF12 /* Build configuration list for PBXNativeTarget "Moonshot" */;
			buildPhases = (
				4C4FA0592A10D361003FBF12 /* Sources */,
				4C4FA05A2A10D361003FBF12 /* Frameworks */,
				4C4FA05B2A10D361003FBF12 /* Resources */,
			);
			buildRules = (
			);
			dependencies = (
			);
			name = Moonshot;
			productName = Moonshot;
			productReference = 4C4FA05D2A10D361003FBF12 /* Moonshot.app */;
			productType = "com.apple.product-type.application";
		};
/* End PBXNativeTarget section */

/* Begin PBXProject section */
		4C4FA0552A10D361003FBF12 /* Project object */ = {
			isa = PBXProject;
			attributes = {
				BuildIndependentTargetsInParallel = 1;
				LastSwiftUpdateCheck = 1430;
				LastUpgradeCheck = 1430;
				TargetAttributes = {
					4C4FA05C2A10D361003FBF12 = {
						CreatedOnToolsVersion = 14.3;
					};
				};
			};
			buildConfigurationList = 4C4FA0582A10D361003FBF12 /* Build configuration list for PBXProject "Moonshot" */;
			compatibilityVersion = "Xcode 14.0";
			developmentRegion = en;
			hasScannedForEncodings = 0;
			knownRegions = (
				en,
				Base,
			);
			mainGroup = 4C4FA0542A10D361003FBF12;
			productRefGroup = 4C4FA05E2A10D361003FBF12 /* Products */;
			projectDirPath = "";
			projectRoot = "";
			targets = (
				4C4FA05C2A10D361003FBF12 /* Moonshot */,
			);
		};
/* End PBXProject section */

/* Begin PBXResourcesBuildPhase section */
		4C4FA05B2A10D361003FBF12 /* Resources */ = {
			isa = PBXResourcesBuildPhase;
			buildActionMask = 2147483647;
			files = (
				4C4FA0682A10D362003FBF12 /* Preview Assets.xcassets in Resources */,
				4C4309812A14BD2900D5CD62 /* missions.json in Resources */,
				4C4FA0652A10D362003FBF12 /* Assets.xcassets in Resources */,
				4C4309822A14BD2900D5CD62 /* astronauts.json in Resources */,
			);
			runOnlyForDeploymentPostprocessing = 0;
		};
/* End PBXResourcesBuildPhase section */

/* Begin PBXSourcesBuildPhase section */
		4C4FA0592A10D361003FBF12 /* Sources */ = {
			isa = PBXSourcesBuildPhase;
			buildActionMask = 2147483647;
			files = (
				4CB2A9DD2A18C774003B77C7 /* AstronautView.swift in Sources */,
				4C4309882A14C83800D5CD62 /* Misson.swift in Sources */,
				4C43098C2A14D06500D5CD62 /* MissionItem.swift in Sources */,
				4C673D7C2A12642200C045F1 /* ScrollingGrid.swift in Sources */,
				4C43098A2A14CFA100D5CD62 /* Color-Theme.swift in Sources */,
				4C673D782A125F7700C045F1 /* NewViewWithNavigationView.swift in Sources */,
				4C673D762A125CCA00C045F1 /* ScrollViewWithScrollingData.swift in Sources */,
				4C4309842A14BDC000D5CD62 /* Astronaut.swift in Sources */,
				4CB2A9DB2A18BE0E003B77C7 /* MissionView.swift in Sources */,
				4C4FA0632A10D361003FBF12 /* ContentView.swift in Sources */,
				4C4309862A14C0EE00D5CD62 /* Bundle-Decodable.swift in Sources */,
				4C4FA06F2A10D5AF003FBF12 /* ImageGeometryReader.swift in Sources */,
				4C4FA0612A10D361003FBF12 /* MoonshotApp.swift in Sources */,
				4C673D7A2A1261DC00C045F1 /* HierarchicalCodable.swift in Sources */,
			);
			runOnlyForDeploymentPostprocessing = 0;
		};
/* End PBXSourcesBuildPhase section */

/* Begin XCBuildConfiguration section */
		4C4FA0692A10D362003FBF12 /* Debug */ = {
			isa = XCBuildConfiguration;
			buildSettings = {
				ALWAYS_SEARCH_USER_PATHS = NO;
				CLANG_ANALYZER_NONNULL = YES;
				CLANG_ANALYZER_NUMBER_OBJECT_CONVERSION = YES_AGGRESSIVE;
				CLANG_CXX_LANGUAGE_STANDARD = "gnu++20";
				CLANG_ENABLE_MODULES = YES;
				CLANG_ENABLE_OBJC_ARC = YES;
				CLANG_ENABLE_OBJC_WEAK = YES;
				CLANG_WARN_BLOCK_CAPTURE_AUTORELEASING = YES;
				CLANG_WARN_BOOL_CONVERSION = YES;
				CLANG_WARN_COMMA = YES;
				CLANG_WARN_CONSTANT_CONVERSION = YES;
				CLANG_WARN_DEPRECATED_OBJC_IMPLEMENTATIONS = YES;
				CLANG_WARN_DIRECT_OBJC_ISA_USAGE = YES_ERROR;
				CLANG_WARN_DOCUMENTATION_COMMENTS = YES;
				CLANG_WARN_EMPTY_BODY = YES;
				CLANG_WARN_ENUM_CONVERSION = YES;
				CLANG_WARN_INFINITE_RECURSION = YES;
				CLANG_WARN_INT_CONVERSION = YES;
				CLANG_WARN_NON_LITERAL_NULL_CONVERSION = YES;
				CLANG_WARN_OBJC_IMPLICIT_RETAIN_SELF = YES;
				CLANG_WARN_OBJC_LITERAL_CONVERSION = YES;
				CLANG_WARN_OBJC_ROOT_CLASS = YES_ERROR;
				CLANG_WARN_QUOTED_INCLUDE_IN_FRAMEWORK_HEADER = YES;
				CLANG_WARN_RANGE_LOOP_ANALYSIS = YES;
				CLANG_WARN_STRICT_PROTOTYPES = YES;
				CLANG_WARN_SUSPICIOUS_MOVE = YES;
				CLANG_WARN_UNGUARDED_AVAILABILITY = YES_AGGRESSIVE;
				CLANG_WARN_UNREACHABLE_CODE = YES;
				CLANG_WARN__DUPLICATE_METHOD_MATCH = YES;
				COPY_PHASE_STRIP = NO;
				DEBUG_INFORMATION_FORMAT = dwarf;
				ENABLE_STRICT_OBJC_MSGSEND = YES;
				ENABLE_TESTABILITY = YES;
				GCC_C_LANGUAGE_STANDARD = gnu11;
				GCC_DYNAMIC_NO_PIC = NO;
				GCC_NO_COMMON_BLOCKS = YES;
				GCC_OPTIMIZATION_LEVEL = 0;
				GCC_PREPROCESSOR_DEFINITIONS = (
					"DEBUG=1",
					"$(inherited)",
				);
				GCC_WARN_64_TO_32_BIT_CONVERSION = YES;
				GCC_WARN_ABOUT_RETURN_TYPE = YES_ERROR;
				GCC_WARN_UNDECLARED_SELECTOR = YES;
				GCC_WARN_UNINITIALIZED_AUTOS = YES_AGGRESSIVE;
				GCC_WARN_UNUSED_FUNCTION = YES;
				GCC_WARN_UNUSED_VARIABLE = YES;
				IPHONEOS_DEPLOYMENT_TARGET = 16.4;
				MTL_ENABLE_DEBUG_INFO = INCLUDE_SOURCE;
				MTL_FAST_MATH = YES;
				ONLY_ACTIVE_ARCH = YES;
				SDKROOT = iphoneos;
				SWIFT_ACTIVE_COMPILATION_CONDITIONS = DEBUG;
				SWIFT_OPTIMIZATION_LEVEL = "-Onone";
			};
			name = Debug;
		};
		4C4FA06A2A10D362003FBF12 /* Release */ = {
			isa = XCBuildConfiguration;
			buildSettings = {
				ALWAYS_SEARCH_USER_PATHS = NO;
				CLANG_ANALYZER_NONNULL = YES;
				CLANG_ANALYZER_NUMBER_OBJECT_CONVERSION = YES_AGGRESSIVE;
				CLANG_CXX_LANGUAGE_STANDARD = "gnu++20";
				CLANG_ENABLE_MODULES = YES;
				CLANG_ENABLE_OBJC_ARC = YES;
				CLANG_ENABLE_OBJC_WEAK = YES;
				CLANG_WARN_BLOCK_CAPTURE_AUTORELEASING = YES;
				CLANG_WARN_BOOL_CONVERSION = YES;
				CLANG_WARN_COMMA = YES;
				CLANG_WARN_CONSTANT_CONVERSION = YES;
				CLANG_WARN_DEPRECATED_OBJC_IMPLEMENTATIONS = YES;
				CLANG_WARN_DIRECT_OBJC_ISA_USAGE = YES_ERROR;
				CLANG_WARN_DOCUMENTATION_COMMENTS = YES;
				CLANG_WARN_EMPTY_BODY = YES;
				CLANG_WARN_ENUM_CONVERSION = YES;
				CLANG_WARN_INFINITE_RECURSION = YES;
				CLANG_WARN_INT_CONVERSION = YES;
				CLANG_WARN_NON_LITERAL_NULL_CONVERSION = YES;
				CLANG_WARN_OBJC_IMPLICIT_RETAIN_SELF = YES;
				CLANG_WARN_OBJC_LITERAL_CONVERSION = YES;
				CLANG_WARN_OBJC_ROOT_CLASS = YES_ERROR;
				CLANG_WARN_QUOTED_INCLUDE_IN_FRAMEWORK_HEADER = YES;
				CLANG_WARN_RANGE_LOOP_ANALYSIS = YES;
				CLANG_WARN_STRICT_PROTOTYPES = YES;
				CLANG_WARN_SUSPICIOUS_MOVE = YES;
				CLANG_WARN_UNGUARDED_AVAILABILITY = YES_AGGRESSIVE;
				CLANG_WARN_UNREACHABLE_CODE = YES;
				CLANG_WARN__DUPLICATE_METHOD_MATCH = YES;
				COPY_PHASE_STRIP = NO;
				DEBUG_INFORMATION_FORMAT = "dwarf-with-dsym";
				ENABLE_NS_ASSERTIONS = NO;
				ENABLE_STRICT_OBJC_MSGSEND = YES;
				GCC_C_LANGUAGE_STANDARD = gnu11;
				GCC_NO_COMMON_BLOCKS = YES;
				GCC_WARN_64_TO_32_BIT_CONVERSION = YES;
				GCC_WARN_ABOUT_RETURN_TYPE = YES_ERROR;
				GCC_WARN_UNDECLARED_SELECTOR = YES;
				GCC_WARN_UNINITIALIZED_AUTOS = YES_AGGRESSIVE;
				GCC_WARN_UNUSED_FUNCTION = YES;
				GCC_WARN_UNUSED_VARIABLE = YES;
				IPHONEOS_DEPLOYMENT_TARGET = 16.4;
				MTL_ENABLE_DEBUG_INFO = NO;
				MTL_FAST_MATH = YES;
				SDKROOT = iphoneos;
				SWIFT_COMPILATION_MODE = wholemodule;
				SWIFT_OPTIMIZATION_LEVEL = "-O";
				VALIDATE_PRODUCT = YES;
			};
			name = Release;
		};
		4C4FA06C2A10D362003FBF12 /* Debug */ = {
			isa = XCBuildConfiguration;
			buildSettings = {
				ASSETCATALOG_COMPILER_APPICON_NAME = AppIcon;
				ASSETCATALOG_COMPILER_GLOBAL_ACCENT_COLOR_NAME = AccentColor;
				CODE_SIGN_STYLE = Automatic;
				CURRENT_PROJECT_VERSION = 1;
				DEVELOPMENT_ASSET_PATHS = "\"Moonshot/Preview Content\"";
				ENABLE_PREVIEWS = YES;
				GENERATE_INFOPLIST_FILE = YES;
				INFOPLIST_KEY_UIApplicationSceneManifest_Generation = YES;
				INFOPLIST_KEY_UIApplicationSupportsIndirectInputEvents = YES;
				INFOPLIST_KEY_UILaunchScreen_Generation = YES;
				INFOPLIST_KEY_UISupportedInterfaceOrientations_iPad = "UIInterfaceOrientationPortrait UIInterfaceOrientationPortraitUpsideDown UIInterfaceOrientationLandscapeLeft UIInterfaceOrientationLandscapeRight";
				INFOPLIST_KEY_UISupportedInterfaceOrientations_iPhone = "UIInterfaceOrientationPortrait UIInterfaceOrientationLandscapeLeft UIInterfaceOrientationLandscapeRight";
				LD_RUNPATH_SEARCH_PATHS = (
					"$(inherited)",
					"@executable_path/Frameworks",
				);
				MARKETING_VERSION = 1.0;
				PRODUCT_BUNDLE_IDENTIFIER = dev.kavrin.Moonshot;
				PRODUCT_NAME = "$(TARGET_NAME)";
				SWIFT_EMIT_LOC_STRINGS = YES;
				SWIFT_VERSION = 5.0;
				TARGETED_DEVICE_FAMILY = "1,2";
			};
			name = Debug;
		};
		4C4FA06D2A10D362003FBF12 /* Release */ = {
			isa = XCBuildConfiguration;
			buildSettings = {
				ASSETCATALOG_COMPILER_APPICON_NAME = AppIcon;
				ASSETCATALOG_COMPILER_GLOBAL_ACCENT_COLOR_NAME = AccentColor;
				CODE_SIGN_STYLE = Automatic;
				CURRENT_PROJECT_VERSION = 1;
				DEVELOPMENT_ASSET_PATHS = "\"Moonshot/Preview Content\"";
				ENABLE_PREVIEWS = YES;
				GENERATE_INFOPLIST_FILE = YES;
				INFOPLIST_KEY_UIApplicationSceneManifest_Generation = YES;
				INFOPLIST_KEY_UIApplicationSupportsIndirectInputEvents = YES;
				INFOPLIST_KEY_UILaunchScreen_Generation = YES;
				INFOPLIST_KEY_UISupportedInterfaceOrientations_iPad = "UIInterfaceOrientationPortrait UIInterfaceOrientationPortraitUpsideDown UIInterfaceOrientationLandscapeLeft UIInterfaceOrientationLandscapeRight";
				INFOPLIST_KEY_UISupportedInterfaceOrientations_iPhone = "UIInterfaceOrientationPortrait UIInterfaceOrientationLandscapeLeft UIInterfaceOrientationLandscapeRight";
				LD_RUNPATH_SEARCH_PATHS = (
					"$(inherited)",
					"@executable_path/Frameworks",
				);
				MARKETING_VERSION = 1.0;
				PRODUCT_BUNDLE_IDENTIFIER = dev.kavrin.Moonshot;
				PRODUCT_NAME = "$(TARGET_NAME)";
				SWIFT_EMIT_LOC_STRINGS = YES;
				SWIFT_VERSION = 5.0;
				TARGETED_DEVICE_FAMILY = "1,2";
			};
			name = Release;
		};
/* End XCBuildConfiguration section */

/* Begin XCConfigurationList section */
		4C4FA0582A10D361003FBF12 /* Build configuration list for PBXProject "Moonshot" */ = {
			isa = XCConfigurationList;
			buildConfigurations = (
				4C4FA0692A10D362003FBF12 /* Debug */,
				4C4FA06A2A10D362003FBF12 /* Release */,
			);
			defaultConfigurationIsVisible = 0;
			defaultConfigurationName = Release;
		};
		4C4FA06B2A10D362003FBF12 /* Build configuration list for PBXNativeTarget "Moonshot" */ = {
			isa = XCConfigurationList;
			buildConfigurations = (
				4C4FA06C2A10D362003FBF12 /* Debug */,
				4C4FA06D2A10D362003FBF12 /* Release */,
			);
			defaultConfigurationIsVisible = 0;
			defaultConfigurationName = Release;
		};
/* End XCConfigurationList section */
	};
	rootObject = 4C4FA0552A10D361003FBF12 /* Project object */;
}
