// !$*UTF8*$!
{
	archiveVersion = 1;
	classes = {
	};
	objectVersion = 56;
	objects = {

/* Begin PBXBuildFile section */
		4C4DC60B2A95FFCB00F35D29 /* SnowSeekerApp.swift in Sources */ = {isa = PBXBuildFile; fileRef = 4C4DC60A2A95FFCB00F35D29 /* SnowSeekerApp.swift */; };
		4C4DC60D2A95FFCB00F35D29 /* ContentView.swift in Sources */ = {isa = PBXBuildFile; fileRef = 4C4DC60C2A95FFCB00F35D29 /* ContentView.swift */; };
		4C4DC60F2A95FFCC00F35D29 /* Assets.xcassets in Resources */ = {isa = PBXBuildFile; fileRef = 4C4DC60E2A95FFCC00F35D29 /* Assets.xcassets */; };
		4C4DC6132A95FFCC00F35D29 /* Preview Assets.xcassets in Resources */ = {isa = PBXBuildFile; fileRef = 4C4DC6122A95FFCC00F35D29 /* Preview Assets.xcassets */; };
		4C4DC61B2A96004B00F35D29 /* SideBySide.swift in Sources */ = {isa = PBXBuildFile; fileRef = 4C4DC61A2A96004B00F35D29 /* SideBySide.swift */; };
		4C4DC61D2A96090500F35D29 /* AlertAndSheet.swift in Sources */ = {isa = PBXBuildFile; fileRef = 4C4DC61C2A96090500F35D29 /* AlertAndSheet.swift */; };
		4C4DC61F2A960F0800F35D29 /* GroupsAsLayout.swift in Sources */ = {isa = PBXBuildFile; fileRef = 4C4DC61E2A960F0800F35D29 /* GroupsAsLayout.swift */; };
		4C4DC6212A96111900F35D29 /* SearchableView.swift in Sources */ = {isa = PBXBuildFile; fileRef = 4C4DC6202A96111900F35D29 /* SearchableView.swift */; };
		4C6A75C52A9BABCA0003BAFE /* Facility.swift in Sources */ = {isa = PBXBuildFile; fileRef = 4C6A75C42A9BABCA0003BAFE /* Facility.swift */; };
		4C6A75C72A9BB00E0003BAFE /* Favorites.swift in Sources */ = {isa = PBXBuildFile; fileRef = 4C6A75C62A9BB00E0003BAFE /* Favorites.swift */; };
		4C6A75C92A9BB4580003BAFE /* FileManager-Extension.swift in Sources */ = {isa = PBXBuildFile; fileRef = 4C6A75C82A9BB4580003BAFE /* FileManager-Extension.swift */; };
		4CA8DA022A97689100AC916C /* resorts.json in Resources */ = {isa = PBXBuildFile; fileRef = 4CA8DA012A97689100AC916C /* resorts.json */; };
		4CA8DA042A97692500AC916C /* Resort.swift in Sources */ = {isa = PBXBuildFile; fileRef = 4CA8DA032A97692500AC916C /* Resort.swift */; };
		4CA8DA062A976AC600AC916C /* Bundle-Decodable.swift in Sources */ = {isa = PBXBuildFile; fileRef = 4CA8DA052A976AC600AC916C /* Bundle-Decodable.swift */; };
		4CA8DA082A9782A300AC916C /* WelcomeView.swift in Sources */ = {isa = PBXBuildFile; fileRef = 4CA8DA072A9782A300AC916C /* WelcomeView.swift */; };
		4CA8DA0A2A9794C600AC916C /* ResortView.swift in Sources */ = {isa = PBXBuildFile; fileRef = 4CA8DA092A9794C600AC916C /* ResortView.swift */; };
		4CA8DA0C2A9795ED00AC916C /* SkiDetailsView.swift in Sources */ = {isa = PBXBuildFile; fileRef = 4CA8DA0B2A9795ED00AC916C /* SkiDetailsView.swift */; };
		4CA8DA0E2A9796D400AC916C /* ResortDetailsView.swift in Sources */ = {isa = PBXBuildFile; fileRef = 4CA8DA0D2A9796D400AC916C /* ResortDetailsView.swift */; };
/* End PBXBuildFile section */

/* Begin PBXFileReference section */
		4C4DC6072A95FFCB00F35D29 /* SnowSeeker.app */ = {isa = PBXFileReference; explicitFileType = wrapper.application; includeInIndex = 0; path = SnowSeeker.app; sourceTree = BUILT_PRODUCTS_DIR; };
		4C4DC60A2A95FFCB00F35D29 /* SnowSeekerApp.swift */ = {isa = PBXFileReference; lastKnownFileType = sourcecode.swift; path = SnowSeekerApp.swift; sourceTree = "<group>"; };
		4C4DC60C2A95FFCB00F35D29 /* ContentView.swift */ = {isa = PBXFileReference; lastKnownFileType = sourcecode.swift; path = ContentView.swift; sourceTree = "<group>"; };
		4C4DC60E2A95FFCC00F35D29 /* Assets.xcassets */ = {isa = PBXFileReference; lastKnownFileType = folder.assetcatalog; path = Assets.xcassets; sourceTree = "<group>"; };
		4C4DC6102A95FFCC00F35D29 /* SnowSeeker.entitlements */ = {isa = PBXFileReference; lastKnownFileType = text.plist.entitlements; path = SnowSeeker.entitlements; sourceTree = "<group>"; };
		4C4DC6122A95FFCC00F35D29 /* Preview Assets.xcassets */ = {isa = PBXFileReference; lastKnownFileType = folder.assetcatalog; path = "Preview Assets.xcassets"; sourceTree = "<group>"; };
		4C4DC61A2A96004B00F35D29 /* SideBySide.swift */ = {isa = PBXFileReference; lastKnownFileType = sourcecode.swift; path = SideBySide.swift; sourceTree = "<group>"; };
		4C4DC61C2A96090500F35D29 /* AlertAndSheet.swift */ = {isa = PBXFileReference; lastKnownFileType = sourcecode.swift; path = AlertAndSheet.swift; sourceTree = "<group>"; };
		4C4DC61E2A960F0800F35D29 /* GroupsAsLayout.swift */ = {isa = PBXFileReference; lastKnownFileType = sourcecode.swift; path = GroupsAsLayout.swift; sourceTree = "<group>"; };
		4C4DC6202A96111900F35D29 /* SearchableView.swift */ = {isa = PBXFileReference; lastKnownFileType = sourcecode.swift; path = SearchableView.swift; sourceTree = "<group>"; };
		4C6A75C42A9BABCA0003BAFE /* Facility.swift */ = {isa = PBXFileReference; lastKnownFileType = sourcecode.swift; path = Facility.swift; sourceTree = "<group>"; };
		4C6A75C62A9BB00E0003BAFE /* Favorites.swift */ = {isa = PBXFileReference; lastKnownFileType = sourcecode.swift; path = Favorites.swift; sourceTree = "<group>"; };
		4C6A75C82A9BB4580003BAFE /* FileManager-Extension.swift */ = {isa = PBXFileReference; lastKnownFileType = sourcecode.swift; path = "FileManager-Extension.swift"; sourceTree = "<group>"; };
		4CA8DA012A97689100AC916C /* resorts.json */ = {isa = PBXFileReference; fileEncoding = 4; lastKnownFileType = text.json; path = resorts.json; sourceTree = "<group>"; };
		4CA8DA032A97692500AC916C /* Resort.swift */ = {isa = PBXFileReference; lastKnownFileType = sourcecode.swift; path = Resort.swift; sourceTree = "<group>"; };
		4CA8DA052A976AC600AC916C /* Bundle-Decodable.swift */ = {isa = PBXFileReference; lastKnownFileType = sourcecode.swift; path = "Bundle-Decodable.swift"; sourceTree = "<group>"; };
		4CA8DA072A9782A300AC916C /* WelcomeView.swift */ = {isa = PBXFileReference; lastKnownFileType = sourcecode.swift; path = WelcomeView.swift; sourceTree = "<group>"; };
		4CA8DA092A9794C600AC916C /* ResortView.swift */ = {isa = PBXFileReference; lastKnownFileType = sourcecode.swift; path = ResortView.swift; sourceTree = "<group>"; };
		4CA8DA0B2A9795ED00AC916C /* SkiDetailsView.swift */ = {isa = PBXFileReference; lastKnownFileType = sourcecode.swift; path = SkiDetailsView.swift; sourceTree = "<group>"; };
		4CA8DA0D2A9796D400AC916C /* ResortDetailsView.swift */ = {isa = PBXFileReference; lastKnownFileType = sourcecode.swift; path = ResortDetailsView.swift; sourceTree = "<group>"; };
/* End PBXFileReference section */

/* Begin PBXFrameworksBuildPhase section */
		4C4DC6042A95FFCB00F35D29 /* Frameworks */ = {
			isa = PBXFrameworksBuildPhase;
			buildActionMask = 2147483647;
			files = (
			);
			runOnlyForDeploymentPostprocessing = 0;
		};
/* End PBXFrameworksBuildPhase section */

/* Begin PBXGroup section */
		4C4DC5FE2A95FFCB00F35D29 = {
			isa = PBXGroup;
			children = (
				4C4DC6092A95FFCB00F35D29 /* SnowSeeker */,
				4C4DC6082A95FFCB00F35D29 /* Products */,
			);
			sourceTree = "<group>";
		};
		4C4DC6082A95FFCB00F35D29 /* Products */ = {
			isa = PBXGroup;
			children = (
				4C4DC6072A95FFCB00F35D29 /* SnowSeeker.app */,
			);
			name = Products;
			sourceTree = "<group>";
		};
		4C4DC6092A95FFCB00F35D29 /* SnowSeeker */ = {
			isa = PBXGroup;
			children = (
				4C4DC6192A96003900F35D29 /* Tut */,
				4C4DC60A2A95FFCB00F35D29 /* SnowSeekerApp.swift */,
				4CA8DA032A97692500AC916C /* Resort.swift */,
				4C4DC60C2A95FFCB00F35D29 /* ContentView.swift */,
				4CA8DA0B2A9795ED00AC916C /* SkiDetailsView.swift */,
				4CA8DA0D2A9796D400AC916C /* ResortDetailsView.swift */,
				4CA8DA092A9794C600AC916C /* ResortView.swift */,
				4CA8DA072A9782A300AC916C /* WelcomeView.swift */,
				4CA8DA012A97689100AC916C /* resorts.json */,
				4C4DC60E2A95FFCC00F35D29 /* Assets.xcassets */,
				4C4DC6102A95FFCC00F35D29 /* SnowSeeker.entitlements */,
				4C4DC6112A95FFCC00F35D29 /* Preview Content */,
				4CA8DA052A976AC600AC916C /* Bundle-Decodable.swift */,
				4C6A75C42A9BABCA0003BAFE /* Facility.swift */,
				4C6A75C62A9BB00E0003BAFE /* Favorites.swift */,
				4C6A75C82A9BB4580003BAFE /* FileManager-Extension.swift */,
			);
			path = SnowSeeker;
			sourceTree = "<group>";
		};
		4C4DC6112A95FFCC00F35D29 /* Preview Content */ = {
			isa = PBXGroup;
			children = (
				4C4DC6122A95FFCC00F35D29 /* Preview Assets.xcassets */,
			);
			path = "Preview Content";
			sourceTree = "<group>";
		};
		4C4DC6192A96003900F35D29 /* Tut */ = {
			isa = PBXGroup;
			children = (
				4C4DC61A2A96004B00F35D29 /* SideBySide.swift */,
				4C4DC61C2A96090500F35D29 /* AlertAndSheet.swift */,
				4C4DC61E2A960F0800F35D29 /* GroupsAsLayout.swift */,
				4C4DC6202A96111900F35D29 /* SearchableView.swift */,
			);
			path = Tut;
			sourceTree = "<group>";
		};
/* End PBXGroup section */

/* Begin PBXNativeTarget section */
		4C4DC6062A95FFCB00F35D29 /* SnowSeeker */ = {
			isa = PBXNativeTarget;
			buildConfigurationList = 4C4DC6162A95FFCC00F35D29 /* Build configuration list for PBXNativeTarget "SnowSeeker" */;
			buildPhases = (
				4C4DC6032A95FFCB00F35D29 /* Sources */,
				4C4DC6042A95FFCB00F35D29 /* Frameworks */,
				4C4DC6052A95FFCB00F35D29 /* Resources */,
			);
			buildRules = (
			);
			dependencies = (
			);
			name = SnowSeeker;
			productName = SnowSeeker;
			productReference = 4C4DC6072A95FFCB00F35D29 /* SnowSeeker.app */;
			productType = "com.apple.product-type.application";
		};
/* End PBXNativeTarget section */

/* Begin PBXProject section */
		4C4DC5FF2A95FFCB00F35D29 /* Project object */ = {
			isa = PBXProject;
			attributes = {
				BuildIndependentTargetsInParallel = 1;
				LastSwiftUpdateCheck = 1430;
				LastUpgradeCheck = 1430;
				TargetAttributes = {
					4C4DC6062A95FFCB00F35D29 = {
						CreatedOnToolsVersion = 14.3.1;
					};
				};
			};
			buildConfigurationList = 4C4DC6022A95FFCB00F35D29 /* Build configuration list for PBXProject "SnowSeeker" */;
			compatibilityVersion = "Xcode 14.0";
			developmentRegion = en;
			hasScannedForEncodings = 0;
			knownRegions = (
				en,
				Base,
			);
			mainGroup = 4C4DC5FE2A95FFCB00F35D29;
			productRefGroup = 4C4DC6082A95FFCB00F35D29 /* Products */;
			projectDirPath = "";
			projectRoot = "";
			targets = (
				4C4DC6062A95FFCB00F35D29 /* SnowSeeker */,
			);
		};
/* End PBXProject section */

/* Begin PBXResourcesBuildPhase section */
		4C4DC6052A95FFCB00F35D29 /* Resources */ = {
			isa = PBXResourcesBuildPhase;
			buildActionMask = 2147483647;
			files = (
				4CA8DA022A97689100AC916C /* resorts.json in Resources */,
				4C4DC6132A95FFCC00F35D29 /* Preview Assets.xcassets in Resources */,
				4C4DC60F2A95FFCC00F35D29 /* Assets.xcassets in Resources */,
			);
			runOnlyForDeploymentPostprocessing = 0;
		};
/* End PBXResourcesBuildPhase section */

/* Begin PBXSourcesBuildPhase section */
		4C4DC6032A95FFCB00F35D29 /* Sources */ = {
			isa = PBXSourcesBuildPhase;
			buildActionMask = 2147483647;
			files = (
				4C4DC6212A96111900F35D29 /* SearchableView.swift in Sources */,
				4C4DC60D2A95FFCB00F35D29 /* ContentView.swift in Sources */,
				4CA8DA042A97692500AC916C /* Resort.swift in Sources */,
				4CA8DA062A976AC600AC916C /* Bundle-Decodable.swift in Sources */,
				4CA8DA082A9782A300AC916C /* WelcomeView.swift in Sources */,
				4C4DC60B2A95FFCB00F35D29 /* SnowSeekerApp.swift in Sources */,
				4C6A75C52A9BABCA0003BAFE /* Facility.swift in Sources */,
				4CA8DA0E2A9796D400AC916C /* ResortDetailsView.swift in Sources */,
				4C4DC61D2A96090500F35D29 /* AlertAndSheet.swift in Sources */,
				4CA8DA0A2A9794C600AC916C /* ResortView.swift in Sources */,
				4CA8DA0C2A9795ED00AC916C /* SkiDetailsView.swift in Sources */,
				4C6A75C72A9BB00E0003BAFE /* Favorites.swift in Sources */,
				4C4DC61B2A96004B00F35D29 /* SideBySide.swift in Sources */,
				4C6A75C92A9BB4580003BAFE /* FileManager-Extension.swift in Sources */,
				4C4DC61F2A960F0800F35D29 /* GroupsAsLayout.swift in Sources */,
			);
			runOnlyForDeploymentPostprocessing = 0;
		};
/* End PBXSourcesBuildPhase section */

/* Begin XCBuildConfiguration section */
		4C4DC6142A95FFCC00F35D29 /* Debug */ = {
			isa = XCBuildConfiguration;
			buildSettings = {
				ALWAYS_SEARCH_USER_PATHS = NO;
				CLANG_ANALYZER_NONNULL = YES;
				CLANG_ANALYZER_NUMBER_OBJECT_CONVERSION = YES_AGGRESSIVE;
				CLANG_CXX_LANGUAGE_STANDARD = "gnu++20";
				CLANG_ENABLE_MODULES = YES;
				CLANG_ENABLE_OBJC_ARC = YES;
				CLANG_ENABLE_OBJC_WEAK = YES;
				CLANG_WARN_BLOCK_CAPTURE_AUTORELEASING = YES;
				CLANG_WARN_BOOL_CONVERSION = YES;
				CLANG_WARN_COMMA = YES;
				CLANG_WARN_CONSTANT_CONVERSION = YES;
				CLANG_WARN_DEPRECATED_OBJC_IMPLEMENTATIONS = YES;
				CLANG_WARN_DIRECT_OBJC_ISA_USAGE = YES_ERROR;
				CLANG_WARN_DOCUMENTATION_COMMENTS = YES;
				CLANG_WARN_EMPTY_BODY = YES;
				CLANG_WARN_ENUM_CONVERSION = YES;
				CLANG_WARN_INFINITE_RECURSION = YES;
				CLANG_WARN_INT_CONVERSION = YES;
				CLANG_WARN_NON_LITERAL_NULL_CONVERSION = YES;
				CLANG_WARN_OBJC_IMPLICIT_RETAIN_SELF = YES;
				CLANG_WARN_OBJC_LITERAL_CONVERSION = YES;
				CLANG_WARN_OBJC_ROOT_CLASS = YES_ERROR;
				CLANG_WARN_QUOTED_INCLUDE_IN_FRAMEWORK_HEADER = YES;
				CLANG_WARN_RANGE_LOOP_ANALYSIS = YES;
				CLANG_WARN_STRICT_PROTOTYPES = YES;
				CLANG_WARN_SUSPICIOUS_MOVE = YES;
				CLANG_WARN_UNGUARDED_AVAILABILITY = YES_AGGRESSIVE;
				CLANG_WARN_UNREACHABLE_CODE = YES;
				CLANG_WARN__DUPLICATE_METHOD_MATCH = YES;
				COPY_PHASE_STRIP = NO;
				DEBUG_INFORMATION_FORMAT = dwarf;
				ENABLE_STRICT_OBJC_MSGSEND = YES;
				ENABLE_TESTABILITY = YES;
				GCC_C_LANGUAGE_STANDARD = gnu11;
				GCC_DYNAMIC_NO_PIC = NO;
				GCC_NO_COMMON_BLOCKS = YES;
				GCC_OPTIMIZATION_LEVEL = 0;
				GCC_PREPROCESSOR_DEFINITIONS = (
					"DEBUG=1",
					"$(inherited)",
				);
				GCC_WARN_64_TO_32_BIT_CONVERSION = YES;
				GCC_WARN_ABOUT_RETURN_TYPE = YES_ERROR;
				GCC_WARN_UNDECLARED_SELECTOR = YES;
				GCC_WARN_UNINITIALIZED_AUTOS = YES_AGGRESSIVE;
				GCC_WARN_UNUSED_FUNCTION = YES;
				GCC_WARN_UNUSED_VARIABLE = YES;
				MTL_ENABLE_DEBUG_INFO = INCLUDE_SOURCE;
				MTL_FAST_MATH = YES;
				ONLY_ACTIVE_ARCH = YES;
				SWIFT_ACTIVE_COMPILATION_CONDITIONS = DEBUG;
				SWIFT_OPTIMIZATION_LEVEL = "-Onone";
			};
			name = Debug;
		};
		4C4DC6152A95FFCC00F35D29 /* Release */ = {
			isa = XCBuildConfiguration;
			buildSettings = {
				ALWAYS_SEARCH_USER_PATHS = NO;
				CLANG_ANALYZER_NONNULL = YES;
				CLANG_ANALYZER_NUMBER_OBJECT_CONVERSION = YES_AGGRESSIVE;
				CLANG_CXX_LANGUAGE_STANDARD = "gnu++20";
				CLANG_ENABLE_MODULES = YES;
				CLANG_ENABLE_OBJC_ARC = YES;
				CLANG_ENABLE_OBJC_WEAK = YES;
				CLANG_WARN_BLOCK_CAPTURE_AUTORELEASING = YES;
				CLANG_WARN_BOOL_CONVERSION = YES;
				CLANG_WARN_COMMA = YES;
				CLANG_WARN_CONSTANT_CONVERSION = YES;
				CLANG_WARN_DEPRECATED_OBJC_IMPLEMENTATIONS = YES;
				CLANG_WARN_DIRECT_OBJC_ISA_USAGE = YES_ERROR;
				CLANG_WARN_DOCUMENTATION_COMMENTS = YES;
				CLANG_WARN_EMPTY_BODY = YES;
				CLANG_WARN_ENUM_CONVERSION = YES;
				CLANG_WARN_INFINITE_RECURSION = YES;
				CLANG_WARN_INT_CONVERSION = YES;
				CLANG_WARN_NON_LITERAL_NULL_CONVERSION = YES;
				CLANG_WARN_OBJC_IMPLICIT_RETAIN_SELF = YES;
				CLANG_WARN_OBJC_LITERAL_CONVERSION = YES;
				CLANG_WARN_OBJC_ROOT_CLASS = YES_ERROR;
				CLANG_WARN_QUOTED_INCLUDE_IN_FRAMEWORK_HEADER = YES;
				CLANG_WARN_RANGE_LOOP_ANALYSIS = YES;
				CLANG_WARN_STRICT_PROTOTYPES = YES;
				CLANG_WARN_SUSPICIOUS_MOVE = YES;
				CLANG_WARN_UNGUARDED_AVAILABILITY = YES_AGGRESSIVE;
				CLANG_WARN_UNREACHABLE_CODE = YES;
				CLANG_WARN__DUPLICATE_METHOD_MATCH = YES;
				COPY_PHASE_STRIP = NO;
				DEBUG_INFORMATION_FORMAT = "dwarf-with-dsym";
				ENABLE_NS_ASSERTIONS = NO;
				ENABLE_STRICT_OBJC_MSGSEND = YES;
				GCC_C_LANGUAGE_STANDARD = gnu11;
				GCC_NO_COMMON_BLOCKS = YES;
				GCC_WARN_64_TO_32_BIT_CONVERSION = YES;
				GCC_WARN_ABOUT_RETURN_TYPE = YES_ERROR;
				GCC_WARN_UNDECLARED_SELECTOR = YES;
				GCC_WARN_UNINITIALIZED_AUTOS = YES_AGGRESSIVE;
				GCC_WARN_UNUSED_FUNCTION = YES;
				GCC_WARN_UNUSED_VARIABLE = YES;
				MTL_ENABLE_DEBUG_INFO = NO;
				MTL_FAST_MATH = YES;
				SWIFT_COMPILATION_MODE = wholemodule;
				SWIFT_OPTIMIZATION_LEVEL = "-O";
			};
			name = Release;
		};
		4C4DC6172A95FFCC00F35D29 /* Debug */ = {
			isa = XCBuildConfiguration;
			buildSettings = {
				ASSETCATALOG_COMPILER_APPICON_NAME = AppIcon;
				ASSETCATALOG_COMPILER_GLOBAL_ACCENT_COLOR_NAME = AccentColor;
				CODE_SIGN_ENTITLEMENTS = SnowSeeker/SnowSeeker.entitlements;
				CODE_SIGN_STYLE = Automatic;
				CURRENT_PROJECT_VERSION = 1;
				DEVELOPMENT_ASSET_PATHS = "\"SnowSeeker/Preview Content\"";
				DEVELOPMENT_TEAM = P5KXU6U227;
				ENABLE_HARDENED_RUNTIME = YES;
				ENABLE_PREVIEWS = YES;
				GENERATE_INFOPLIST_FILE = YES;
				"INFOPLIST_KEY_UIApplicationSceneManifest_Generation[sdk=iphoneos*]" = YES;
				"INFOPLIST_KEY_UIApplicationSceneManifest_Generation[sdk=iphonesimulator*]" = YES;
				"INFOPLIST_KEY_UIApplicationSupportsIndirectInputEvents[sdk=iphoneos*]" = YES;
				"INFOPLIST_KEY_UIApplicationSupportsIndirectInputEvents[sdk=iphonesimulator*]" = YES;
				"INFOPLIST_KEY_UILaunchScreen_Generation[sdk=iphoneos*]" = YES;
				"INFOPLIST_KEY_UILaunchScreen_Generation[sdk=iphonesimulator*]" = YES;
				"INFOPLIST_KEY_UIStatusBarStyle[sdk=iphoneos*]" = UIStatusBarStyleDefault;
				"INFOPLIST_KEY_UIStatusBarStyle[sdk=iphonesimulator*]" = UIStatusBarStyleDefault;
				INFOPLIST_KEY_UISupportedInterfaceOrientations_iPad = "UIInterfaceOrientationPortrait UIInterfaceOrientationPortraitUpsideDown UIInterfaceOrientationLandscapeLeft UIInterfaceOrientationLandscapeRight";
				INFOPLIST_KEY_UISupportedInterfaceOrientations_iPhone = "UIInterfaceOrientationPortrait UIInterfaceOrientationLandscapeLeft UIInterfaceOrientationLandscapeRight";
				IPHONEOS_DEPLOYMENT_TARGET = 16.4;
				LD_RUNPATH_SEARCH_PATHS = "@executable_path/Frameworks";
				"LD_RUNPATH_SEARCH_PATHS[sdk=macosx*]" = "@executable_path/../Frameworks";
				MACOSX_DEPLOYMENT_TARGET = 13.3;
				MARKETING_VERSION = 1.0;
				PRODUCT_BUNDLE_IDENTIFIER = dev.kavrin.SnowSeeker;
				PRODUCT_NAME = "$(TARGET_NAME)";
				SDKROOT = auto;
				SUPPORTED_PLATFORMS = "iphoneos iphonesimulator macosx";
				SWIFT_EMIT_LOC_STRINGS = YES;
				SWIFT_VERSION = 5.0;
				TARGETED_DEVICE_FAMILY = "1,2";
			};
			name = Debug;
		};
		4C4DC6182A95FFCC00F35D29 /* Release */ = {
			isa = XCBuildConfiguration;
			buildSettings = {
				ASSETCATALOG_COMPILER_APPICON_NAME = AppIcon;
				ASSETCATALOG_COMPILER_GLOBAL_ACCENT_COLOR_NAME = AccentColor;
				CODE_SIGN_ENTITLEMENTS = SnowSeeker/SnowSeeker.entitlements;
				CODE_SIGN_STYLE = Automatic;
				CURRENT_PROJECT_VERSION = 1;
				DEVELOPMENT_ASSET_PATHS = "\"SnowSeeker/Preview Content\"";
				DEVELOPMENT_TEAM = P5KXU6U227;
				ENABLE_HARDENED_RUNTIME = YES;
				ENABLE_PREVIEWS = YES;
				GENERATE_INFOPLIST_FILE = YES;
				"INFOPLIST_KEY_UIApplicationSceneManifest_Generation[sdk=iphoneos*]" = YES;
				"INFOPLIST_KEY_UIApplicationSceneManifest_Generation[sdk=iphonesimulator*]" = YES;
				"INFOPLIST_KEY_UIApplicationSupportsIndirectInputEvents[sdk=iphoneos*]" = YES;
				"INFOPLIST_KEY_UIApplicationSupportsIndirectInputEvents[sdk=iphonesimulator*]" = YES;
				"INFOPLIST_KEY_UILaunchScreen_Generation[sdk=iphoneos*]" = YES;
				"INFOPLIST_KEY_UILaunchScreen_Generation[sdk=iphonesimulator*]" = YES;
				"INFOPLIST_KEY_UIStatusBarStyle[sdk=iphoneos*]" = UIStatusBarStyleDefault;
				"INFOPLIST_KEY_UIStatusBarStyle[sdk=iphonesimulator*]" = UIStatusBarStyleDefault;
				INFOPLIST_KEY_UISupportedInterfaceOrientations_iPad = "UIInterfaceOrientationPortrait UIInterfaceOrientationPortraitUpsideDown UIInterfaceOrientationLandscapeLeft UIInterfaceOrientationLandscapeRight";
				INFOPLIST_KEY_UISupportedInterfaceOrientations_iPhone = "UIInterfaceOrientationPortrait UIInterfaceOrientationLandscapeLeft UIInterfaceOrientationLandscapeRight";
				IPHONEOS_DEPLOYMENT_TARGET = 16.4;
				LD_RUNPATH_SEARCH_PATHS = "@executable_path/Frameworks";
				"LD_RUNPATH_SEARCH_PATHS[sdk=macosx*]" = "@executable_path/../Frameworks";
				MACOSX_DEPLOYMENT_TARGET = 13.3;
				MARKETING_VERSION = 1.0;
				PRODUCT_BUNDLE_IDENTIFIER = dev.kavrin.SnowSeeker;
				PRODUCT_NAME = "$(TARGET_NAME)";
				SDKROOT = auto;
				SUPPORTED_PLATFORMS = "iphoneos iphonesimulator macosx";
				SWIFT_EMIT_LOC_STRINGS = YES;
				SWIFT_VERSION = 5.0;
				TARGETED_DEVICE_FAMILY = "1,2";
			};
			name = Release;
		};
/* End XCBuildConfiguration section */

/* Begin XCConfigurationList section */
		4C4DC6022A95FFCB00F35D29 /* Build configuration list for PBXProject "SnowSeeker" */ = {
			isa = XCConfigurationList;
			buildConfigurations = (
				4C4DC6142A95FFCC00F35D29 /* Debug */,
				4C4DC6152A95FFCC00F35D29 /* Release */,
			);
			defaultConfigurationIsVisible = 0;
			defaultConfigurationName = Release;
		};
		4C4DC6162A95FFCC00F35D29 /* Build configuration list for PBXNativeTarget "SnowSeeker" */ = {
			isa = XCConfigurationList;
			buildConfigurations = (
				4C4DC6172A95FFCC00F35D29 /* Debug */,
				4C4DC6182A95FFCC00F35D29 /* Release */,
			);
			defaultConfigurationIsVisible = 0;
			defaultConfigurationName = Release;
		};
/* End XCConfigurationList section */
	};
	rootObject = 4C4DC5FF2A95FFCB00F35D29 /* Project object */;
}
