// !$*UTF8*$!
{
	archiveVersion = 1;
	classes = {
	};
	objectVersion = 56;
	objects = {

/* Begin PBXBuildFile section */
		4C336CD92A2773270002BCED /* LoadRemoteImage.swift in Sources */ = {isa = PBXBuildFile; fileRef = 4C336CD82A2773270002BCED /* LoadRemoteImage.swift */; };
		4C336CDB2A277A490002BCED /* ValidatingForms.swift in Sources */ = {isa = PBXBuildFile; fileRef = 4C336CDA2A277A490002BCED /* ValidatingForms.swift */; };
		4C3909362A28AA1300D226AF /* ViewModel.swift in Sources */ = {isa = PBXBuildFile; fileRef = 4C3909352A28AA1300D226AF /* ViewModel.swift */; };
		4C3909392A28B37000D226AF /* AddressView.swift in Sources */ = {isa = PBXBuildFile; fileRef = 4C3909382A28B37000D226AF /* AddressView.swift */; };
		4C39093B2A28B4C800D226AF /* CheckoutView.swift in Sources */ = {isa = PBXBuildFile; fileRef = 4C39093A2A28B4C800D226AF /* CheckoutView.swift */; };
		4C9F2B212A25EB7B00853F12 /* CupcakeCornerApp.swift in Sources */ = {isa = PBXBuildFile; fileRef = 4C9F2B202A25EB7B00853F12 /* CupcakeCornerApp.swift */; };
		4C9F2B232A25EB7B00853F12 /* ContentView.swift in Sources */ = {isa = PBXBuildFile; fileRef = 4C9F2B222A25EB7B00853F12 /* ContentView.swift */; };
		4C9F2B252A25EB7B00853F12 /* Assets.xcassets in Resources */ = {isa = PBXBuildFile; fileRef = 4C9F2B242A25EB7B00853F12 /* Assets.xcassets */; };
		4C9F2B282A25EB7B00853F12 /* Preview Assets.xcassets in Resources */ = {isa = PBXBuildFile; fileRef = 4C9F2B272A25EB7B00853F12 /* Preview Assets.xcassets */; };
		4C9F2B2F2A25EBD700853F12 /* PublishedCodable.swift in Sources */ = {isa = PBXBuildFile; fileRef = 4C9F2B2E2A25EBD700853F12 /* PublishedCodable.swift */; };
		4CF0619F2A26220D00E035D5 /* CodableWithUrl.swift in Sources */ = {isa = PBXBuildFile; fileRef = 4CF0619E2A26220D00E035D5 /* CodableWithUrl.swift */; };
/* End PBXBuildFile section */

/* Begin PBXFileReference section */
		4C336CD82A2773270002BCED /* LoadRemoteImage.swift */ = {isa = PBXFileReference; lastKnownFileType = sourcecode.swift; path = LoadRemoteImage.swift; sourceTree = "<group>"; };
		4C336CDA2A277A490002BCED /* ValidatingForms.swift */ = {isa = PBXFileReference; lastKnownFileType = sourcecode.swift; path = ValidatingForms.swift; sourceTree = "<group>"; };
		4C3909352A28AA1300D226AF /* ViewModel.swift */ = {isa = PBXFileReference; lastKnownFileType = sourcecode.swift; path = ViewModel.swift; sourceTree = "<group>"; };
		4C3909382A28B37000D226AF /* AddressView.swift */ = {isa = PBXFileReference; lastKnownFileType = sourcecode.swift; path = AddressView.swift; sourceTree = "<group>"; };
		4C39093A2A28B4C800D226AF /* CheckoutView.swift */ = {isa = PBXFileReference; lastKnownFileType = sourcecode.swift; path = CheckoutView.swift; sourceTree = "<group>"; };
		4C9F2B1D2A25EB7B00853F12 /* CupcakeCorner.app */ = {isa = PBXFileReference; explicitFileType = wrapper.application; includeInIndex = 0; path = CupcakeCorner.app; sourceTree = BUILT_PRODUCTS_DIR; };
		4C9F2B202A25EB7B00853F12 /* CupcakeCornerApp.swift */ = {isa = PBXFileReference; lastKnownFileType = sourcecode.swift; path = CupcakeCornerApp.swift; sourceTree = "<group>"; };
		4C9F2B222A25EB7B00853F12 /* ContentView.swift */ = {isa = PBXFileReference; lastKnownFileType = sourcecode.swift; path = ContentView.swift; sourceTree = "<group>"; };
		4C9F2B242A25EB7B00853F12 /* Assets.xcassets */ = {isa = PBXFileReference; lastKnownFileType = folder.assetcatalog; path = Assets.xcassets; sourceTree = "<group>"; };
		4C9F2B272A25EB7B00853F12 /* Preview Assets.xcassets */ = {isa = PBXFileReference; lastKnownFileType = folder.assetcatalog; path = "Preview Assets.xcassets"; sourceTree = "<group>"; };
		4C9F2B2E2A25EBD700853F12 /* PublishedCodable.swift */ = {isa = PBXFileReference; lastKnownFileType = sourcecode.swift; path = PublishedCodable.swift; sourceTree = "<group>"; };
		4CF0619E2A26220D00E035D5 /* CodableWithUrl.swift */ = {isa = PBXFileReference; lastKnownFileType = sourcecode.swift; path = CodableWithUrl.swift; sourceTree = "<group>"; };
/* End PBXFileReference section */

/* Begin PBXFrameworksBuildPhase section */
		4C9F2B1A2A25EB7B00853F12 /* Frameworks */ = {
			isa = PBXFrameworksBuildPhase;
			buildActionMask = 2147483647;
			files = (
			);
			runOnlyForDeploymentPostprocessing = 0;
		};
/* End PBXFrameworksBuildPhase section */

/* Begin PBXGroup section */
		4C3909372A28B35000D226AF /* Tutorials */ = {
			isa = PBXGroup;
			children = (
				4C9F2B2E2A25EBD700853F12 /* PublishedCodable.swift */,
				4CF0619E2A26220D00E035D5 /* CodableWithUrl.swift */,
				4C336CDA2A277A490002BCED /* ValidatingForms.swift */,
				4C336CD82A2773270002BCED /* LoadRemoteImage.swift */,
			);
			path = Tutorials;
			sourceTree = "<group>";
		};
		4C9F2B142A25EB7B00853F12 = {
			isa = PBXGroup;
			children = (
				4C9F2B1F2A25EB7B00853F12 /* CupcakeCorner */,
				4C9F2B1E2A25EB7B00853F12 /* Products */,
			);
			sourceTree = "<group>";
		};
		4C9F2B1E2A25EB7B00853F12 /* Products */ = {
			isa = PBXGroup;
			children = (
				4C9F2B1D2A25EB7B00853F12 /* CupcakeCorner.app */,
			);
			name = Products;
			sourceTree = "<group>";
		};
		4C9F2B1F2A25EB7B00853F12 /* CupcakeCorner */ = {
			isa = PBXGroup;
			children = (
				4C3909372A28B35000D226AF /* Tutorials */,
				4C9F2B202A25EB7B00853F12 /* CupcakeCornerApp.swift */,
				4C9F2B222A25EB7B00853F12 /* ContentView.swift */,
				4C39093A2A28B4C800D226AF /* CheckoutView.swift */,
				4C9F2B242A25EB7B00853F12 /* Assets.xcassets */,
				4C9F2B262A25EB7B00853F12 /* Preview Content */,
				4C3909352A28AA1300D226AF /* ViewModel.swift */,
				4C3909382A28B37000D226AF /* AddressView.swift */,
			);
			path = CupcakeCorner;
			sourceTree = "<group>";
		};
		4C9F2B262A25EB7B00853F12 /* Preview Content */ = {
			isa = PBXGroup;
			children = (
				4C9F2B272A25EB7B00853F12 /* Preview Assets.xcassets */,
			);
			path = "Preview Content";
			sourceTree = "<group>";
		};
/* End PBXGroup section */

/* Begin PBXNativeTarget section */
		4C9F2B1C2A25EB7B00853F12 /* CupcakeCorner */ = {
			isa = PBXNativeTarget;
			buildConfigurationList = 4C9F2B2B2A25EB7B00853F12 /* Build configuration list for PBXNativeTarget "CupcakeCorner" */;
			buildPhases = (
				4C9F2B192A25EB7B00853F12 /* Sources */,
				4C9F2B1A2A25EB7B00853F12 /* Frameworks */,
				4C9F2B1B2A25EB7B00853F12 /* Resources */,
			);
			buildRules = (
			);
			dependencies = (
			);
			name = CupcakeCorner;
			productName = CupcakeCorner;
			productReference = 4C9F2B1D2A25EB7B00853F12 /* CupcakeCorner.app */;
			productType = "com.apple.product-type.application";
		};
/* End PBXNativeTarget section */

/* Begin PBXProject section */
		4C9F2B152A25EB7B00853F12 /* Project object */ = {
			isa = PBXProject;
			attributes = {
				BuildIndependentTargetsInParallel = 1;
				LastSwiftUpdateCheck = 1430;
				LastUpgradeCheck = 1430;
				TargetAttributes = {
					4C9F2B1C2A25EB7B00853F12 = {
						CreatedOnToolsVersion = 14.3;
					};
				};
			};
			buildConfigurationList = 4C9F2B182A25EB7B00853F12 /* Build configuration list for PBXProject "CupcakeCorner" */;
			compatibilityVersion = "Xcode 14.0";
			developmentRegion = en;
			hasScannedForEncodings = 0;
			knownRegions = (
				en,
				Base,
			);
			mainGroup = 4C9F2B142A25EB7B00853F12;
			productRefGroup = 4C9F2B1E2A25EB7B00853F12 /* Products */;
			projectDirPath = "";
			projectRoot = "";
			targets = (
				4C9F2B1C2A25EB7B00853F12 /* CupcakeCorner */,
			);
		};
/* End PBXProject section */

/* Begin PBXResourcesBuildPhase section */
		4C9F2B1B2A25EB7B00853F12 /* Resources */ = {
			isa = PBXResourcesBuildPhase;
			buildActionMask = 2147483647;
			files = (
				4C9F2B282A25EB7B00853F12 /* Preview Assets.xcassets in Resources */,
				4C9F2B252A25EB7B00853F12 /* Assets.xcassets in Resources */,
			);
			runOnlyForDeploymentPostprocessing = 0;
		};
/* End PBXResourcesBuildPhase section */

/* Begin PBXSourcesBuildPhase section */
		4C9F2B192A25EB7B00853F12 /* Sources */ = {
			isa = PBXSourcesBuildPhase;
			buildActionMask = 2147483647;
			files = (
				4CF0619F2A26220D00E035D5 /* CodableWithUrl.swift in Sources */,
				4C336CD92A2773270002BCED /* LoadRemoteImage.swift in Sources */,
				4C336CDB2A277A490002BCED /* ValidatingForms.swift in Sources */,
				4C9F2B2F2A25EBD700853F12 /* PublishedCodable.swift in Sources */,
				4C9F2B232A25EB7B00853F12 /* ContentView.swift in Sources */,
				4C3909392A28B37000D226AF /* AddressView.swift in Sources */,
				4C9F2B212A25EB7B00853F12 /* CupcakeCornerApp.swift in Sources */,
				4C3909362A28AA1300D226AF /* ViewModel.swift in Sources */,
				4C39093B2A28B4C800D226AF /* CheckoutView.swift in Sources */,
			);
			runOnlyForDeploymentPostprocessing = 0;
		};
/* End PBXSourcesBuildPhase section */

/* Begin XCBuildConfiguration section */
		4C9F2B292A25EB7B00853F12 /* Debug */ = {
			isa = XCBuildConfiguration;
			buildSettings = {
				ALWAYS_SEARCH_USER_PATHS = NO;
				CLANG_ANALYZER_NONNULL = YES;
				CLANG_ANALYZER_NUMBER_OBJECT_CONVERSION = YES_AGGRESSIVE;
				CLANG_CXX_LANGUAGE_STANDARD = "gnu++20";
				CLANG_ENABLE_MODULES = YES;
				CLANG_ENABLE_OBJC_ARC = YES;
				CLANG_ENABLE_OBJC_WEAK = YES;
				CLANG_WARN_BLOCK_CAPTURE_AUTORELEASING = YES;
				CLANG_WARN_BOOL_CONVERSION = YES;
				CLANG_WARN_COMMA = YES;
				CLANG_WARN_CONSTANT_CONVERSION = YES;
				CLANG_WARN_DEPRECATED_OBJC_IMPLEMENTATIONS = YES;
				CLANG_WARN_DIRECT_OBJC_ISA_USAGE = YES_ERROR;
				CLANG_WARN_DOCUMENTATION_COMMENTS = YES;
				CLANG_WARN_EMPTY_BODY = YES;
				CLANG_WARN_ENUM_CONVERSION = YES;
				CLANG_WARN_INFINITE_RECURSION = YES;
				CLANG_WARN_INT_CONVERSION = YES;
				CLANG_WARN_NON_LITERAL_NULL_CONVERSION = YES;
				CLANG_WARN_OBJC_IMPLICIT_RETAIN_SELF = YES;
				CLANG_WARN_OBJC_LITERAL_CONVERSION = YES;
				CLANG_WARN_OBJC_ROOT_CLASS = YES_ERROR;
				CLANG_WARN_QUOTED_INCLUDE_IN_FRAMEWORK_HEADER = YES;
				CLANG_WARN_RANGE_LOOP_ANALYSIS = YES;
				CLANG_WARN_STRICT_PROTOTYPES = YES;
				CLANG_WARN_SUSPICIOUS_MOVE = YES;
				CLANG_WARN_UNGUARDED_AVAILABILITY = YES_AGGRESSIVE;
				CLANG_WARN_UNREACHABLE_CODE = YES;
				CLANG_WARN__DUPLICATE_METHOD_MATCH = YES;
				COPY_PHASE_STRIP = NO;
				DEBUG_INFORMATION_FORMAT = dwarf;
				ENABLE_STRICT_OBJC_MSGSEND = YES;
				ENABLE_TESTABILITY = YES;
				GCC_C_LANGUAGE_STANDARD = gnu11;
				GCC_DYNAMIC_NO_PIC = NO;
				GCC_NO_COMMON_BLOCKS = YES;
				GCC_OPTIMIZATION_LEVEL = 0;
				GCC_PREPROCESSOR_DEFINITIONS = (
					"DEBUG=1",
					"$(inherited)",
				);
				GCC_WARN_64_TO_32_BIT_CONVERSION = YES;
				GCC_WARN_ABOUT_RETURN_TYPE = YES_ERROR;
				GCC_WARN_UNDECLARED_SELECTOR = YES;
				GCC_WARN_UNINITIALIZED_AUTOS = YES_AGGRESSIVE;
				GCC_WARN_UNUSED_FUNCTION = YES;
				GCC_WARN_UNUSED_VARIABLE = YES;
				IPHONEOS_DEPLOYMENT_TARGET = 16.4;
				MTL_ENABLE_DEBUG_INFO = INCLUDE_SOURCE;
				MTL_FAST_MATH = YES;
				ONLY_ACTIVE_ARCH = YES;
				SDKROOT = iphoneos;
				SWIFT_ACTIVE_COMPILATION_CONDITIONS = DEBUG;
				SWIFT_OPTIMIZATION_LEVEL = "-Onone";
			};
			name = Debug;
		};
		4C9F2B2A2A25EB7B00853F12 /* Release */ = {
			isa = XCBuildConfiguration;
			buildSettings = {
				ALWAYS_SEARCH_USER_PATHS = NO;
				CLANG_ANALYZER_NONNULL = YES;
				CLANG_ANALYZER_NUMBER_OBJECT_CONVERSION = YES_AGGRESSIVE;
				CLANG_CXX_LANGUAGE_STANDARD = "gnu++20";
				CLANG_ENABLE_MODULES = YES;
				CLANG_ENABLE_OBJC_ARC = YES;
				CLANG_ENABLE_OBJC_WEAK = YES;
				CLANG_WARN_BLOCK_CAPTURE_AUTORELEASING = YES;
				CLANG_WARN_BOOL_CONVERSION = YES;
				CLANG_WARN_COMMA = YES;
				CLANG_WARN_CONSTANT_CONVERSION = YES;
				CLANG_WARN_DEPRECATED_OBJC_IMPLEMENTATIONS = YES;
				CLANG_WARN_DIRECT_OBJC_ISA_USAGE = YES_ERROR;
				CLANG_WARN_DOCUMENTATION_COMMENTS = YES;
				CLANG_WARN_EMPTY_BODY = YES;
				CLANG_WARN_ENUM_CONVERSION = YES;
				CLANG_WARN_INFINITE_RECURSION = YES;
				CLANG_WARN_INT_CONVERSION = YES;
				CLANG_WARN_NON_LITERAL_NULL_CONVERSION = YES;
				CLANG_WARN_OBJC_IMPLICIT_RETAIN_SELF = YES;
				CLANG_WARN_OBJC_LITERAL_CONVERSION = YES;
				CLANG_WARN_OBJC_ROOT_CLASS = YES_ERROR;
				CLANG_WARN_QUOTED_INCLUDE_IN_FRAMEWORK_HEADER = YES;
				CLANG_WARN_RANGE_LOOP_ANALYSIS = YES;
				CLANG_WARN_STRICT_PROTOTYPES = YES;
				CLANG_WARN_SUSPICIOUS_MOVE = YES;
				CLANG_WARN_UNGUARDED_AVAILABILITY = YES_AGGRESSIVE;
				CLANG_WARN_UNREACHABLE_CODE = YES;
				CLANG_WARN__DUPLICATE_METHOD_MATCH = YES;
				COPY_PHASE_STRIP = NO;
				DEBUG_INFORMATION_FORMAT = "dwarf-with-dsym";
				ENABLE_NS_ASSERTIONS = NO;
				ENABLE_STRICT_OBJC_MSGSEND = YES;
				GCC_C_LANGUAGE_STANDARD = gnu11;
				GCC_NO_COMMON_BLOCKS = YES;
				GCC_WARN_64_TO_32_BIT_CONVERSION = YES;
				GCC_WARN_ABOUT_RETURN_TYPE = YES_ERROR;
				GCC_WARN_UNDECLARED_SELECTOR = YES;
				GCC_WARN_UNINITIALIZED_AUTOS = YES_AGGRESSIVE;
				GCC_WARN_UNUSED_FUNCTION = YES;
				GCC_WARN_UNUSED_VARIABLE = YES;
				IPHONEOS_DEPLOYMENT_TARGET = 16.4;
				MTL_ENABLE_DEBUG_INFO = NO;
				MTL_FAST_MATH = YES;
				SDKROOT = iphoneos;
				SWIFT_COMPILATION_MODE = wholemodule;
				SWIFT_OPTIMIZATION_LEVEL = "-O";
				VALIDATE_PRODUCT = YES;
			};
			name = Release;
		};
		4C9F2B2C2A25EB7B00853F12 /* Debug */ = {
			isa = XCBuildConfiguration;
			buildSettings = {
				ASSETCATALOG_COMPILER_APPICON_NAME = AppIcon;
				ASSETCATALOG_COMPILER_GLOBAL_ACCENT_COLOR_NAME = AccentColor;
				CODE_SIGN_STYLE = Automatic;
				CURRENT_PROJECT_VERSION = 1;
				DEVELOPMENT_ASSET_PATHS = "\"CupcakeCorner/Preview Content\"";
				ENABLE_PREVIEWS = YES;
				GENERATE_INFOPLIST_FILE = YES;
				INFOPLIST_KEY_UIApplicationSceneManifest_Generation = YES;
				INFOPLIST_KEY_UIApplicationSupportsIndirectInputEvents = YES;
				INFOPLIST_KEY_UILaunchScreen_Generation = YES;
				INFOPLIST_KEY_UISupportedInterfaceOrientations_iPad = "UIInterfaceOrientationPortrait UIInterfaceOrientationPortraitUpsideDown UIInterfaceOrientationLandscapeLeft UIInterfaceOrientationLandscapeRight";
				INFOPLIST_KEY_UISupportedInterfaceOrientations_iPhone = "UIInterfaceOrientationPortrait UIInterfaceOrientationLandscapeLeft UIInterfaceOrientationLandscapeRight";
				LD_RUNPATH_SEARCH_PATHS = (
					"$(inherited)",
					"@executable_path/Frameworks",
				);
				MARKETING_VERSION = 1.0;
				PRODUCT_BUNDLE_IDENTIFIER = dev.kavrin.CupcakeCorner;
				PRODUCT_NAME = "$(TARGET_NAME)";
				SWIFT_EMIT_LOC_STRINGS = YES;
				SWIFT_VERSION = 5.0;
				TARGETED_DEVICE_FAMILY = "1,2";
			};
			name = Debug;
		};
		4C9F2B2D2A25EB7B00853F12 /* Release */ = {
			isa = XCBuildConfiguration;
			buildSettings = {
				ASSETCATALOG_COMPILER_APPICON_NAME = AppIcon;
				ASSETCATALOG_COMPILER_GLOBAL_ACCENT_COLOR_NAME = AccentColor;
				CODE_SIGN_STYLE = Automatic;
				CURRENT_PROJECT_VERSION = 1;
				DEVELOPMENT_ASSET_PATHS = "\"CupcakeCorner/Preview Content\"";
				ENABLE_PREVIEWS = YES;
				GENERATE_INFOPLIST_FILE = YES;
				INFOPLIST_KEY_UIApplicationSceneManifest_Generation = YES;
				INFOPLIST_KEY_UIApplicationSupportsIndirectInputEvents = YES;
				INFOPLIST_KEY_UILaunchScreen_Generation = YES;
				INFOPLIST_KEY_UISupportedInterfaceOrientations_iPad = "UIInterfaceOrientationPortrait UIInterfaceOrientationPortraitUpsideDown UIInterfaceOrientationLandscapeLeft UIInterfaceOrientationLandscapeRight";
				INFOPLIST_KEY_UISupportedInterfaceOrientations_iPhone = "UIInterfaceOrientationPortrait UIInterfaceOrientationLandscapeLeft UIInterfaceOrientationLandscapeRight";
				LD_RUNPATH_SEARCH_PATHS = (
					"$(inherited)",
					"@executable_path/Frameworks",
				);
				MARKETING_VERSION = 1.0;
				PRODUCT_BUNDLE_IDENTIFIER = dev.kavrin.CupcakeCorner;
				PRODUCT_NAME = "$(TARGET_NAME)";
				SWIFT_EMIT_LOC_STRINGS = YES;
				SWIFT_VERSION = 5.0;
				TARGETED_DEVICE_FAMILY = "1,2";
			};
			name = Release;
		};
/* End XCBuildConfiguration section */

/* Begin XCConfigurationList section */
		4C9F2B182A25EB7B00853F12 /* Build configuration list for PBXProject "CupcakeCorner" */ = {
			isa = XCConfigurationList;
			buildConfigurations = (
				4C9F2B292A25EB7B00853F12 /* Debug */,
				4C9F2B2A2A25EB7B00853F12 /* Release */,
			);
			defaultConfigurationIsVisible = 0;
			defaultConfigurationName = Release;
		};
		4C9F2B2B2A25EB7B00853F12 /* Build configuration list for PBXNativeTarget "CupcakeCorner" */ = {
			isa = XCConfigurationList;
			buildConfigurations = (
				4C9F2B2C2A25EB7B00853F12 /* Debug */,
				4C9F2B2D2A25EB7B00853F12 /* Release */,
			);
			defaultConfigurationIsVisible = 0;
			defaultConfigurationName = Release;
		};
/* End XCConfigurationList section */
	};
	rootObject = 4C9F2B152A25EB7B00853F12 /* Project object */;
}
