// !$*UTF8*$!
{
	archiveVersion = 1;
	classes = {
	};
	objectVersion = 56;
	objects = {

/* Begin PBXBuildFile section */
		4C112BB22A1F4C23003A12E1 /* SpecialEffects.swift in Sources */ = {isa = PBXBuildFile; fileRef = 4C112BB12A1F4C23003A12E1 /* SpecialEffects.swift */; };
		4C112BB42A1F56A0003A12E1 /* ShapeWithAnimatableData.swift in Sources */ = {isa = PBXBuildFile; fileRef = 4C112BB32A1F56A0003A12E1 /* ShapeWithAnimatableData.swift */; };
		4C112BB62A1F5EEA003A12E1 /* ShapeWithAnimatablePair.swift in Sources */ = {isa = PBXBuildFile; fileRef = 4C112BB52A1F5EEA003A12E1 /* ShapeWithAnimatablePair.swift */; };
		4C2381B12A22048C00CDAEF1 /* ArrowShapeChallenge.swift in Sources */ = {isa = PBXBuildFile; fileRef = 4C2381B02A22048C00CDAEF1 /* ArrowShapeChallenge.swift */; };
		4C2381B32A220B8000CDAEF1 /* ColorCyclingRectangle.swift in Sources */ = {isa = PBXBuildFile; fileRef = 4C2381B22A220B8000CDAEF1 /* ColorCyclingRectangle.swift */; };
		4C74D23E2A1CE3A30068DD44 /* CreativeBorders.swift in Sources */ = {isa = PBXBuildFile; fileRef = 4C74D23D2A1CE3A30068DD44 /* CreativeBorders.swift */; };
		4C74D2402A1CE5760068DD44 /* MetalDrawingGroup.swift in Sources */ = {isa = PBXBuildFile; fileRef = 4C74D23F2A1CE5760068DD44 /* MetalDrawingGroup.swift */; };
		4CBDA0012A1CA3D8009F05F5 /* CGAffineTransformAndShapes.swift in Sources */ = {isa = PBXBuildFile; fileRef = 4CBDA0002A1CA3D8009F05F5 /* CGAffineTransformAndShapes.swift */; };
		4CC8E8312A1B512900880AFD /* DrawingApp.swift in Sources */ = {isa = PBXBuildFile; fileRef = 4CC8E8302A1B512900880AFD /* DrawingApp.swift */; };
		4CC8E8332A1B512900880AFD /* ContentView.swift in Sources */ = {isa = PBXBuildFile; fileRef = 4CC8E8322A1B512900880AFD /* ContentView.swift */; };
		4CC8E8352A1B512A00880AFD /* Assets.xcassets in Resources */ = {isa = PBXBuildFile; fileRef = 4CC8E8342A1B512A00880AFD /* Assets.xcassets */; };
		4CC8E8382A1B512A00880AFD /* Preview Assets.xcassets in Resources */ = {isa = PBXBuildFile; fileRef = 4CC8E8372A1B512A00880AFD /* Preview Assets.xcassets */; };
		4CC8E83F2A1B569B00880AFD /* CustomPath.swift in Sources */ = {isa = PBXBuildFile; fileRef = 4CC8E83E2A1B569B00880AFD /* CustomPath.swift */; };
		4CC8E8412A1B59C200880AFD /* PathVsShapes.swift in Sources */ = {isa = PBXBuildFile; fileRef = 4CC8E8402A1B59C200880AFD /* PathVsShapes.swift */; };
		4CC8E8432A1B5F2400880AFD /* StrokeWithInsettableShape.swift in Sources */ = {isa = PBXBuildFile; fileRef = 4CC8E8422A1B5F2400880AFD /* StrokeWithInsettableShape.swift */; };
/* End PBXBuildFile section */

/* Begin PBXFileReference section */
		4C112BB12A1F4C23003A12E1 /* SpecialEffects.swift */ = {isa = PBXFileReference; lastKnownFileType = sourcecode.swift; path = SpecialEffects.swift; sourceTree = "<group>"; };
		4C112BB32A1F56A0003A12E1 /* ShapeWithAnimatableData.swift */ = {isa = PBXFileReference; lastKnownFileType = sourcecode.swift; path = ShapeWithAnimatableData.swift; sourceTree = "<group>"; };
		4C112BB52A1F5EEA003A12E1 /* ShapeWithAnimatablePair.swift */ = {isa = PBXFileReference; lastKnownFileType = sourcecode.swift; path = ShapeWithAnimatablePair.swift; sourceTree = "<group>"; };
		4C2381B02A22048C00CDAEF1 /* ArrowShapeChallenge.swift */ = {isa = PBXFileReference; lastKnownFileType = sourcecode.swift; path = ArrowShapeChallenge.swift; sourceTree = "<group>"; };
		4C2381B22A220B8000CDAEF1 /* ColorCyclingRectangle.swift */ = {isa = PBXFileReference; lastKnownFileType = sourcecode.swift; path = ColorCyclingRectangle.swift; sourceTree = "<group>"; };
		4C74D23D2A1CE3A30068DD44 /* CreativeBorders.swift */ = {isa = PBXFileReference; lastKnownFileType = sourcecode.swift; path = CreativeBorders.swift; sourceTree = "<group>"; };
		4C74D23F2A1CE5760068DD44 /* MetalDrawingGroup.swift */ = {isa = PBXFileReference; lastKnownFileType = sourcecode.swift; path = MetalDrawingGroup.swift; sourceTree = "<group>"; };
		4CBDA0002A1CA3D8009F05F5 /* CGAffineTransformAndShapes.swift */ = {isa = PBXFileReference; lastKnownFileType = sourcecode.swift; path = CGAffineTransformAndShapes.swift; sourceTree = "<group>"; };
		4CC8E82D2A1B512900880AFD /* Drawing.app */ = {isa = PBXFileReference; explicitFileType = wrapper.application; includeInIndex = 0; path = Drawing.app; sourceTree = BUILT_PRODUCTS_DIR; };
		4CC8E8302A1B512900880AFD /* DrawingApp.swift */ = {isa = PBXFileReference; lastKnownFileType = sourcecode.swift; path = DrawingApp.swift; sourceTree = "<group>"; };
		4CC8E8322A1B512900880AFD /* ContentView.swift */ = {isa = PBXFileReference; lastKnownFileType = sourcecode.swift; path = ContentView.swift; sourceTree = "<group>"; };
		4CC8E8342A1B512A00880AFD /* Assets.xcassets */ = {isa = PBXFileReference; lastKnownFileType = folder.assetcatalog; path = Assets.xcassets; sourceTree = "<group>"; };
		4CC8E8372A1B512A00880AFD /* Preview Assets.xcassets */ = {isa = PBXFileReference; lastKnownFileType = folder.assetcatalog; path = "Preview Assets.xcassets"; sourceTree = "<group>"; };
		4CC8E83E2A1B569B00880AFD /* CustomPath.swift */ = {isa = PBXFileReference; lastKnownFileType = sourcecode.swift; path = CustomPath.swift; sourceTree = "<group>"; };
		4CC8E8402A1B59C200880AFD /* PathVsShapes.swift */ = {isa = PBXFileReference; lastKnownFileType = sourcecode.swift; path = PathVsShapes.swift; sourceTree = "<group>"; };
		4CC8E8422A1B5F2400880AFD /* StrokeWithInsettableShape.swift */ = {isa = PBXFileReference; lastKnownFileType = sourcecode.swift; path = StrokeWithInsettableShape.swift; sourceTree = "<group>"; };
/* End PBXFileReference section */

/* Begin PBXFrameworksBuildPhase section */
		4CC8E82A2A1B512900880AFD /* Frameworks */ = {
			isa = PBXFrameworksBuildPhase;
			buildActionMask = 2147483647;
			files = (
			);
			runOnlyForDeploymentPostprocessing = 0;
		};
/* End PBXFrameworksBuildPhase section */

/* Begin PBXGroup section */
		4CC8E8242A1B512900880AFD = {
			isa = PBXGroup;
			children = (
				4CC8E82F2A1B512900880AFD /* Drawing */,
				4CC8E82E2A1B512900880AFD /* Products */,
			);
			sourceTree = "<group>";
		};
		4CC8E82E2A1B512900880AFD /* Products */ = {
			isa = PBXGroup;
			children = (
				4CC8E82D2A1B512900880AFD /* Drawing.app */,
			);
			name = Products;
			sourceTree = "<group>";
		};
		4CC8E82F2A1B512900880AFD /* Drawing */ = {
			isa = PBXGroup;
			children = (
				4C74D23D2A1CE3A30068DD44 /* CreativeBorders.swift */,
				4C74D23F2A1CE5760068DD44 /* MetalDrawingGroup.swift */,
				4C2381B22A220B8000CDAEF1 /* ColorCyclingRectangle.swift */,
				4CC8E8302A1B512900880AFD /* DrawingApp.swift */,
				4CC8E8322A1B512900880AFD /* ContentView.swift */,
				4CC8E8342A1B512A00880AFD /* Assets.xcassets */,
				4CC8E8362A1B512A00880AFD /* Preview Content */,
				4CC8E83E2A1B569B00880AFD /* CustomPath.swift */,
				4CC8E8402A1B59C200880AFD /* PathVsShapes.swift */,
				4CC8E8422A1B5F2400880AFD /* StrokeWithInsettableShape.swift */,
				4CBDA0002A1CA3D8009F05F5 /* CGAffineTransformAndShapes.swift */,
				4C112BB12A1F4C23003A12E1 /* SpecialEffects.swift */,
				4C112BB32A1F56A0003A12E1 /* ShapeWithAnimatableData.swift */,
				4C112BB52A1F5EEA003A12E1 /* ShapeWithAnimatablePair.swift */,
				4C2381B02A22048C00CDAEF1 /* ArrowShapeChallenge.swift */,
			);
			path = Drawing;
			sourceTree = "<group>";
		};
		4CC8E8362A1B512A00880AFD /* Preview Content */ = {
			isa = PBXGroup;
			children = (
				4CC8E8372A1B512A00880AFD /* Preview Assets.xcassets */,
			);
			path = "Preview Content";
			sourceTree = "<group>";
		};
/* End PBXGroup section */

/* Begin PBXNativeTarget section */
		4CC8E82C2A1B512900880AFD /* Drawing */ = {
			isa = PBXNativeTarget;
			buildConfigurationList = 4CC8E83B2A1B512A00880AFD /* Build configuration list for PBXNativeTarget "Drawing" */;
			buildPhases = (
				4CC8E8292A1B512900880AFD /* Sources */,
				4CC8E82A2A1B512900880AFD /* Frameworks */,
				4CC8E82B2A1B512900880AFD /* Resources */,
			);
			buildRules = (
			);
			dependencies = (
			);
			name = Drawing;
			productName = Drawing;
			productReference = 4CC8E82D2A1B512900880AFD /* Drawing.app */;
			productType = "com.apple.product-type.application";
		};
/* End PBXNativeTarget section */

/* Begin PBXProject section */
		4CC8E8252A1B512900880AFD /* Project object */ = {
			isa = PBXProject;
			attributes = {
				BuildIndependentTargetsInParallel = 1;
				LastSwiftUpdateCheck = 1430;
				LastUpgradeCheck = 1430;
				TargetAttributes = {
					4CC8E82C2A1B512900880AFD = {
						CreatedOnToolsVersion = 14.3;
					};
				};
			};
			buildConfigurationList = 4CC8E8282A1B512900880AFD /* Build configuration list for PBXProject "Drawing" */;
			compatibilityVersion = "Xcode 14.0";
			developmentRegion = en;
			hasScannedForEncodings = 0;
			knownRegions = (
				en,
				Base,
			);
			mainGroup = 4CC8E8242A1B512900880AFD;
			productRefGroup = 4CC8E82E2A1B512900880AFD /* Products */;
			projectDirPath = "";
			projectRoot = "";
			targets = (
				4CC8E82C2A1B512900880AFD /* Drawing */,
			);
		};
/* End PBXProject section */

/* Begin PBXResourcesBuildPhase section */
		4CC8E82B2A1B512900880AFD /* Resources */ = {
			isa = PBXResourcesBuildPhase;
			buildActionMask = 2147483647;
			files = (
				4CC8E8382A1B512A00880AFD /* Preview Assets.xcassets in Resources */,
				4CC8E8352A1B512A00880AFD /* Assets.xcassets in Resources */,
			);
			runOnlyForDeploymentPostprocessing = 0;
		};
/* End PBXResourcesBuildPhase section */

/* Begin PBXSourcesBuildPhase section */
		4CC8E8292A1B512900880AFD /* Sources */ = {
			isa = PBXSourcesBuildPhase;
			buildActionMask = 2147483647;
			files = (
				4C74D23E2A1CE3A30068DD44 /* CreativeBorders.swift in Sources */,
				4CC8E8432A1B5F2400880AFD /* StrokeWithInsettableShape.swift in Sources */,
				4CC8E83F2A1B569B00880AFD /* CustomPath.swift in Sources */,
				4C112BB42A1F56A0003A12E1 /* ShapeWithAnimatableData.swift in Sources */,
				4CBDA0012A1CA3D8009F05F5 /* CGAffineTransformAndShapes.swift in Sources */,
				4CC8E8332A1B512900880AFD /* ContentView.swift in Sources */,
				4C112BB22A1F4C23003A12E1 /* SpecialEffects.swift in Sources */,
				4CC8E8312A1B512900880AFD /* DrawingApp.swift in Sources */,
				4C112BB62A1F5EEA003A12E1 /* ShapeWithAnimatablePair.swift in Sources */,
				4C74D2402A1CE5760068DD44 /* MetalDrawingGroup.swift in Sources */,
				4CC8E8412A1B59C200880AFD /* PathVsShapes.swift in Sources */,
				4C2381B12A22048C00CDAEF1 /* ArrowShapeChallenge.swift in Sources */,
				4C2381B32A220B8000CDAEF1 /* ColorCyclingRectangle.swift in Sources */,
			);
			runOnlyForDeploymentPostprocessing = 0;
		};
/* End PBXSourcesBuildPhase section */

/* Begin XCBuildConfiguration section */
		4CC8E8392A1B512A00880AFD /* Debug */ = {
			isa = XCBuildConfiguration;
			buildSettings = {
				ALWAYS_SEARCH_USER_PATHS = NO;
				CLANG_ANALYZER_NONNULL = YES;
				CLANG_ANALYZER_NUMBER_OBJECT_CONVERSION = YES_AGGRESSIVE;
				CLANG_CXX_LANGUAGE_STANDARD = "gnu++20";
				CLANG_ENABLE_MODULES = YES;
				CLANG_ENABLE_OBJC_ARC = YES;
				CLANG_ENABLE_OBJC_WEAK = YES;
				CLANG_WARN_BLOCK_CAPTURE_AUTORELEASING = YES;
				CLANG_WARN_BOOL_CONVERSION = YES;
				CLANG_WARN_COMMA = YES;
				CLANG_WARN_CONSTANT_CONVERSION = YES;
				CLANG_WARN_DEPRECATED_OBJC_IMPLEMENTATIONS = YES;
				CLANG_WARN_DIRECT_OBJC_ISA_USAGE = YES_ERROR;
				CLANG_WARN_DOCUMENTATION_COMMENTS = YES;
				CLANG_WARN_EMPTY_BODY = YES;
				CLANG_WARN_ENUM_CONVERSION = YES;
				CLANG_WARN_INFINITE_RECURSION = YES;
				CLANG_WARN_INT_CONVERSION = YES;
				CLANG_WARN_NON_LITERAL_NULL_CONVERSION = YES;
				CLANG_WARN_OBJC_IMPLICIT_RETAIN_SELF = YES;
				CLANG_WARN_OBJC_LITERAL_CONVERSION = YES;
				CLANG_WARN_OBJC_ROOT_CLASS = YES_ERROR;
				CLANG_WARN_QUOTED_INCLUDE_IN_FRAMEWORK_HEADER = YES;
				CLANG_WARN_RANGE_LOOP_ANALYSIS = YES;
				CLANG_WARN_STRICT_PROTOTYPES = YES;
				CLANG_WARN_SUSPICIOUS_MOVE = YES;
				CLANG_WARN_UNGUARDED_AVAILABILITY = YES_AGGRESSIVE;
				CLANG_WARN_UNREACHABLE_CODE = YES;
				CLANG_WARN__DUPLICATE_METHOD_MATCH = YES;
				COPY_PHASE_STRIP = NO;
				DEBUG_INFORMATION_FORMAT = dwarf;
				ENABLE_STRICT_OBJC_MSGSEND = YES;
				ENABLE_TESTABILITY = YES;
				GCC_C_LANGUAGE_STANDARD = gnu11;
				GCC_DYNAMIC_NO_PIC = NO;
				GCC_NO_COMMON_BLOCKS = YES;
				GCC_OPTIMIZATION_LEVEL = 0;
				GCC_PREPROCESSOR_DEFINITIONS = (
					"DEBUG=1",
					"$(inherited)",
				);
				GCC_WARN_64_TO_32_BIT_CONVERSION = YES;
				GCC_WARN_ABOUT_RETURN_TYPE = YES_ERROR;
				GCC_WARN_UNDECLARED_SELECTOR = YES;
				GCC_WARN_UNINITIALIZED_AUTOS = YES_AGGRESSIVE;
				GCC_WARN_UNUSED_FUNCTION = YES;
				GCC_WARN_UNUSED_VARIABLE = YES;
				IPHONEOS_DEPLOYMENT_TARGET = 16.4;
				MTL_ENABLE_DEBUG_INFO = INCLUDE_SOURCE;
				MTL_FAST_MATH = YES;
				ONLY_ACTIVE_ARCH = YES;
				SDKROOT = iphoneos;
				SWIFT_ACTIVE_COMPILATION_CONDITIONS = DEBUG;
				SWIFT_OPTIMIZATION_LEVEL = "-Onone";
			};
			name = Debug;
		};
		4CC8E83A2A1B512A00880AFD /* Release */ = {
			isa = XCBuildConfiguration;
			buildSettings = {
				ALWAYS_SEARCH_USER_PATHS = NO;
				CLANG_ANALYZER_NONNULL = YES;
				CLANG_ANALYZER_NUMBER_OBJECT_CONVERSION = YES_AGGRESSIVE;
				CLANG_CXX_LANGUAGE_STANDARD = "gnu++20";
				CLANG_ENABLE_MODULES = YES;
				CLANG_ENABLE_OBJC_ARC = YES;
				CLANG_ENABLE_OBJC_WEAK = YES;
				CLANG_WARN_BLOCK_CAPTURE_AUTORELEASING = YES;
				CLANG_WARN_BOOL_CONVERSION = YES;
				CLANG_WARN_COMMA = YES;
				CLANG_WARN_CONSTANT_CONVERSION = YES;
				CLANG_WARN_DEPRECATED_OBJC_IMPLEMENTATIONS = YES;
				CLANG_WARN_DIRECT_OBJC_ISA_USAGE = YES_ERROR;
				CLANG_WARN_DOCUMENTATION_COMMENTS = YES;
				CLANG_WARN_EMPTY_BODY = YES;
				CLANG_WARN_ENUM_CONVERSION = YES;
				CLANG_WARN_INFINITE_RECURSION = YES;
				CLANG_WARN_INT_CONVERSION = YES;
				CLANG_WARN_NON_LITERAL_NULL_CONVERSION = YES;
				CLANG_WARN_OBJC_IMPLICIT_RETAIN_SELF = YES;
				CLANG_WARN_OBJC_LITERAL_CONVERSION = YES;
				CLANG_WARN_OBJC_ROOT_CLASS = YES_ERROR;
				CLANG_WARN_QUOTED_INCLUDE_IN_FRAMEWORK_HEADER = YES;
				CLANG_WARN_RANGE_LOOP_ANALYSIS = YES;
				CLANG_WARN_STRICT_PROTOTYPES = YES;
				CLANG_WARN_SUSPICIOUS_MOVE = YES;
				CLANG_WARN_UNGUARDED_AVAILABILITY = YES_AGGRESSIVE;
				CLANG_WARN_UNREACHABLE_CODE = YES;
				CLANG_WARN__DUPLICATE_METHOD_MATCH = YES;
				COPY_PHASE_STRIP = NO;
				DEBUG_INFORMATION_FORMAT = "dwarf-with-dsym";
				ENABLE_NS_ASSERTIONS = NO;
				ENABLE_STRICT_OBJC_MSGSEND = YES;
				GCC_C_LANGUAGE_STANDARD = gnu11;
				GCC_NO_COMMON_BLOCKS = YES;
				GCC_WARN_64_TO_32_BIT_CONVERSION = YES;
				GCC_WARN_ABOUT_RETURN_TYPE = YES_ERROR;
				GCC_WARN_UNDECLARED_SELECTOR = YES;
				GCC_WARN_UNINITIALIZED_AUTOS = YES_AGGRESSIVE;
				GCC_WARN_UNUSED_FUNCTION = YES;
				GCC_WARN_UNUSED_VARIABLE = YES;
				IPHONEOS_DEPLOYMENT_TARGET = 16.4;
				MTL_ENABLE_DEBUG_INFO = NO;
				MTL_FAST_MATH = YES;
				SDKROOT = iphoneos;
				SWIFT_COMPILATION_MODE = wholemodule;
				SWIFT_OPTIMIZATION_LEVEL = "-O";
				VALIDATE_PRODUCT = YES;
			};
			name = Release;
		};
		4CC8E83C2A1B512A00880AFD /* Debug */ = {
			isa = XCBuildConfiguration;
			buildSettings = {
				ASSETCATALOG_COMPILER_APPICON_NAME = AppIcon;
				ASSETCATALOG_COMPILER_GLOBAL_ACCENT_COLOR_NAME = AccentColor;
				CODE_SIGN_STYLE = Automatic;
				CURRENT_PROJECT_VERSION = 1;
				DEVELOPMENT_ASSET_PATHS = "\"Drawing/Preview Content\"";
				ENABLE_PREVIEWS = YES;
				GENERATE_INFOPLIST_FILE = YES;
				INFOPLIST_KEY_UIApplicationSceneManifest_Generation = YES;
				INFOPLIST_KEY_UIApplicationSupportsIndirectInputEvents = YES;
				INFOPLIST_KEY_UILaunchScreen_Generation = YES;
				INFOPLIST_KEY_UISupportedInterfaceOrientations_iPad = "UIInterfaceOrientationPortrait UIInterfaceOrientationPortraitUpsideDown UIInterfaceOrientationLandscapeLeft UIInterfaceOrientationLandscapeRight";
				INFOPLIST_KEY_UISupportedInterfaceOrientations_iPhone = "UIInterfaceOrientationPortrait UIInterfaceOrientationLandscapeLeft UIInterfaceOrientationLandscapeRight";
				LD_RUNPATH_SEARCH_PATHS = (
					"$(inherited)",
					"@executable_path/Frameworks",
				);
				MARKETING_VERSION = 1.0;
				PRODUCT_BUNDLE_IDENTIFIER = dev.kavrin.Drawing;
				PRODUCT_NAME = "$(TARGET_NAME)";
				SWIFT_EMIT_LOC_STRINGS = YES;
				SWIFT_VERSION = 5.0;
				TARGETED_DEVICE_FAMILY = "1,2";
			};
			name = Debug;
		};
		4CC8E83D2A1B512A00880AFD /* Release */ = {
			isa = XCBuildConfiguration;
			buildSettings = {
				ASSETCATALOG_COMPILER_APPICON_NAME = AppIcon;
				ASSETCATALOG_COMPILER_GLOBAL_ACCENT_COLOR_NAME = AccentColor;
				CODE_SIGN_STYLE = Automatic;
				CURRENT_PROJECT_VERSION = 1;
				DEVELOPMENT_ASSET_PATHS = "\"Drawing/Preview Content\"";
				ENABLE_PREVIEWS = YES;
				GENERATE_INFOPLIST_FILE = YES;
				INFOPLIST_KEY_UIApplicationSceneManifest_Generation = YES;
				INFOPLIST_KEY_UIApplicationSupportsIndirectInputEvents = YES;
				INFOPLIST_KEY_UILaunchScreen_Generation = YES;
				INFOPLIST_KEY_UISupportedInterfaceOrientations_iPad = "UIInterfaceOrientationPortrait UIInterfaceOrientationPortraitUpsideDown UIInterfaceOrientationLandscapeLeft UIInterfaceOrientationLandscapeRight";
				INFOPLIST_KEY_UISupportedInterfaceOrientations_iPhone = "UIInterfaceOrientationPortrait UIInterfaceOrientationLandscapeLeft UIInterfaceOrientationLandscapeRight";
				LD_RUNPATH_SEARCH_PATHS = (
					"$(inherited)",
					"@executable_path/Frameworks",
				);
				MARKETING_VERSION = 1.0;
				PRODUCT_BUNDLE_IDENTIFIER = dev.kavrin.Drawing;
				PRODUCT_NAME = "$(TARGET_NAME)";
				SWIFT_EMIT_LOC_STRINGS = YES;
				SWIFT_VERSION = 5.0;
				TARGETED_DEVICE_FAMILY = "1,2";
			};
			name = Release;
		};
/* End XCBuildConfiguration section */

/* Begin XCConfigurationList section */
		4CC8E8282A1B512900880AFD /* Build configuration list for PBXProject "Drawing" */ = {
			isa = XCConfigurationList;
			buildConfigurations = (
				4CC8E8392A1B512A00880AFD /* Debug */,
				4CC8E83A2A1B512A00880AFD /* Release */,
			);
			defaultConfigurationIsVisible = 0;
			defaultConfigurationName = Release;
		};
		4CC8E83B2A1B512A00880AFD /* Build configuration list for PBXNativeTarget "Drawing" */ = {
			isa = XCConfigurationList;
			buildConfigurations = (
				4CC8E83C2A1B512A00880AFD /* Debug */,
				4CC8E83D2A1B512A00880AFD /* Release */,
			);
			defaultConfigurationIsVisible = 0;
			defaultConfigurationName = Release;
		};
/* End XCConfigurationList section */
	};
	rootObject = 4CC8E8252A1B512900880AFD /* Project object */;
}
