// !$*UTF8*$!
{
	archiveVersion = 1;
	classes = {
	};
	objectVersion = 56;
	objects = {

/* Begin PBXBuildFile section */
		4C4769C12A7BAEBE003481CD /* CreateContextMenus.swift in Sources */ = {isa = PBXBuildFile; fileRef = 4C4769C02A7BAEBE003481CD /* CreateContextMenus.swift */; };
		4C4769C32A7BB31F003481CD /* CustomRowSwipeAc.swift in Sources */ = {isa = PBXBuildFile; fileRef = 4C4769C22A7BB31F003481CD /* CustomRowSwipeAc.swift */; };
		4C4769C52A7BB86F003481CD /* LocalNotification.swift in Sources */ = {isa = PBXBuildFile; fileRef = 4C4769C42A7BB86F003481CD /* LocalNotification.swift */; };
		4C4769C82A7BBDF6003481CD /* SamplePackage in Frameworks */ = {isa = PBXBuildFile; productRef = 4C4769C72A7BBDF6003481CD /* SamplePackage */; };
		4C4769CA2A7BBE2A003481CD /* AddDependencies.swift in Sources */ = {isa = PBXBuildFile; fileRef = 4C4769C92A7BBE2A003481CD /* AddDependencies.swift */; };
		4C598AF22A7E85E900F51025 /* ProspectsView.swift in Sources */ = {isa = PBXBuildFile; fileRef = 4C598AF12A7E85E900F51025 /* ProspectsView.swift */; };
		4C598AF42A7E85F200F51025 /* MeView.swift in Sources */ = {isa = PBXBuildFile; fileRef = 4C598AF32A7E85F200F51025 /* MeView.swift */; };
		4C598AF62A7E887400F51025 /* Prospect.swift in Sources */ = {isa = PBXBuildFile; fileRef = 4C598AF52A7E887300F51025 /* Prospect.swift */; };
		4C76BCC52A7F7B4C0021A2AA /* CodeScanner in Frameworks */ = {isa = PBXBuildFile; productRef = 4C76BCC42A7F7B4C0021A2AA /* CodeScanner */; };
		4CE448342A7A57830065F11A /* PblishObservable.swift in Sources */ = {isa = PBXBuildFile; fileRef = 4CE448332A7A57830065F11A /* PblishObservable.swift */; };
		4CE448362A7A597F0065F11A /* SwiftResult.swift in Sources */ = {isa = PBXBuildFile; fileRef = 4CE448352A7A597F0065F11A /* SwiftResult.swift */; };
		4CE448382A7A5D760065F11A /* ControllImgInterpolation.swift in Sources */ = {isa = PBXBuildFile; fileRef = 4CE448372A7A5D760065F11A /* ControllImgInterpolation.swift */; };
		4CED25992A78EECF006F1CC9 /* HotProspectsApp.swift in Sources */ = {isa = PBXBuildFile; fileRef = 4CED25982A78EECF006F1CC9 /* HotProspectsApp.swift */; };
		4CED259B2A78EECF006F1CC9 /* ContentView.swift in Sources */ = {isa = PBXBuildFile; fileRef = 4CED259A2A78EECF006F1CC9 /* ContentView.swift */; };
		4CED259D2A78EED0006F1CC9 /* Assets.xcassets in Resources */ = {isa = PBXBuildFile; fileRef = 4CED259C2A78EED0006F1CC9 /* Assets.xcassets */; };
		4CED25A12A78EED0006F1CC9 /* Preview Assets.xcassets in Resources */ = {isa = PBXBuildFile; fileRef = 4CED25A02A78EED0006F1CC9 /* Preview Assets.xcassets */; };
		4CED25A82A78EF7F006F1CC9 /* EnvironmentObjectReading.swift in Sources */ = {isa = PBXBuildFile; fileRef = 4CED25A72A78EF7F006F1CC9 /* EnvironmentObjectReading.swift */; };
		4CED25AA2A78F170006F1CC9 /* TabsWTabView.swift in Sources */ = {isa = PBXBuildFile; fileRef = 4CED25A92A78F170006F1CC9 /* TabsWTabView.swift */; };
/* End PBXBuildFile section */

/* Begin PBXFileReference section */
		4C4769C02A7BAEBE003481CD /* CreateContextMenus.swift */ = {isa = PBXFileReference; lastKnownFileType = sourcecode.swift; path = CreateContextMenus.swift; sourceTree = "<group>"; };
		4C4769C22A7BB31F003481CD /* CustomRowSwipeAc.swift */ = {isa = PBXFileReference; lastKnownFileType = sourcecode.swift; path = CustomRowSwipeAc.swift; sourceTree = "<group>"; };
		4C4769C42A7BB86F003481CD /* LocalNotification.swift */ = {isa = PBXFileReference; lastKnownFileType = sourcecode.swift; path = LocalNotification.swift; sourceTree = "<group>"; };
		4C4769C92A7BBE2A003481CD /* AddDependencies.swift */ = {isa = PBXFileReference; lastKnownFileType = sourcecode.swift; path = AddDependencies.swift; sourceTree = "<group>"; };
		4C598AF12A7E85E900F51025 /* ProspectsView.swift */ = {isa = PBXFileReference; lastKnownFileType = sourcecode.swift; path = ProspectsView.swift; sourceTree = "<group>"; };
		4C598AF32A7E85F200F51025 /* MeView.swift */ = {isa = PBXFileReference; lastKnownFileType = sourcecode.swift; path = MeView.swift; sourceTree = "<group>"; };
		4C598AF52A7E887300F51025 /* Prospect.swift */ = {isa = PBXFileReference; lastKnownFileType = sourcecode.swift; path = Prospect.swift; sourceTree = "<group>"; };
		4CE448332A7A57830065F11A /* PblishObservable.swift */ = {isa = PBXFileReference; lastKnownFileType = sourcecode.swift; path = PblishObservable.swift; sourceTree = "<group>"; };
		4CE448352A7A597F0065F11A /* SwiftResult.swift */ = {isa = PBXFileReference; lastKnownFileType = sourcecode.swift; path = SwiftResult.swift; sourceTree = "<group>"; };
		4CE448372A7A5D760065F11A /* ControllImgInterpolation.swift */ = {isa = PBXFileReference; lastKnownFileType = sourcecode.swift; path = ControllImgInterpolation.swift; sourceTree = "<group>"; };
		4CED25952A78EECF006F1CC9 /* HotProspects.app */ = {isa = PBXFileReference; explicitFileType = wrapper.application; includeInIndex = 0; path = HotProspects.app; sourceTree = BUILT_PRODUCTS_DIR; };
		4CED25982A78EECF006F1CC9 /* HotProspectsApp.swift */ = {isa = PBXFileReference; lastKnownFileType = sourcecode.swift; path = HotProspectsApp.swift; sourceTree = "<group>"; };
		4CED259A2A78EECF006F1CC9 /* ContentView.swift */ = {isa = PBXFileReference; lastKnownFileType = sourcecode.swift; path = ContentView.swift; sourceTree = "<group>"; };
		4CED259C2A78EED0006F1CC9 /* Assets.xcassets */ = {isa = PBXFileReference; lastKnownFileType = folder.assetcatalog; path = Assets.xcassets; sourceTree = "<group>"; };
		4CED259E2A78EED0006F1CC9 /* HotProspects.entitlements */ = {isa = PBXFileReference; lastKnownFileType = text.plist.entitlements; path = HotProspects.entitlements; sourceTree = "<group>"; };
		4CED25A02A78EED0006F1CC9 /* Preview Assets.xcassets */ = {isa = PBXFileReference; lastKnownFileType = folder.assetcatalog; path = "Preview Assets.xcassets"; sourceTree = "<group>"; };
		4CED25A72A78EF7F006F1CC9 /* EnvironmentObjectReading.swift */ = {isa = PBXFileReference; lastKnownFileType = sourcecode.swift; path = EnvironmentObjectReading.swift; sourceTree = "<group>"; };
		4CED25A92A78F170006F1CC9 /* TabsWTabView.swift */ = {isa = PBXFileReference; lastKnownFileType = sourcecode.swift; path = TabsWTabView.swift; sourceTree = "<group>"; };
/* End PBXFileReference section */

/* Begin PBXFrameworksBuildPhase section */
		4CED25922A78EECF006F1CC9 /* Frameworks */ = {
			isa = PBXFrameworksBuildPhase;
			buildActionMask = 2147483647;
			files = (
				4C76BCC52A7F7B4C0021A2AA /* CodeScanner in Frameworks */,
				4C4769C82A7BBDF6003481CD /* SamplePackage in Frameworks */,
			);
			runOnlyForDeploymentPostprocessing = 0;
		};
/* End PBXFrameworksBuildPhase section */

/* Begin PBXGroup section */
		4C598AF02A7E832E00F51025 /* Tut */ = {
			isa = PBXGroup;
			children = (
				4C4769C92A7BBE2A003481CD /* AddDependencies.swift */,
				4CED25A72A78EF7F006F1CC9 /* EnvironmentObjectReading.swift */,
				4CED25A92A78F170006F1CC9 /* TabsWTabView.swift */,
				4CE448332A7A57830065F11A /* PblishObservable.swift */,
				4CE448352A7A597F0065F11A /* SwiftResult.swift */,
				4CE448372A7A5D760065F11A /* ControllImgInterpolation.swift */,
				4C4769C02A7BAEBE003481CD /* CreateContextMenus.swift */,
				4C4769C22A7BB31F003481CD /* CustomRowSwipeAc.swift */,
				4C4769C42A7BB86F003481CD /* LocalNotification.swift */,
			);
			path = Tut;
			sourceTree = "<group>";
		};
		4CED258C2A78EECF006F1CC9 = {
			isa = PBXGroup;
			children = (
				4CED25972A78EECF006F1CC9 /* HotProspects */,
				4CED25962A78EECF006F1CC9 /* Products */,
			);
			sourceTree = "<group>";
		};
		4CED25962A78EECF006F1CC9 /* Products */ = {
			isa = PBXGroup;
			children = (
				4CED25952A78EECF006F1CC9 /* HotProspects.app */,
			);
			name = Products;
			sourceTree = "<group>";
		};
		4CED25972A78EECF006F1CC9 /* HotProspects */ = {
			isa = PBXGroup;
			children = (
				4C598AF02A7E832E00F51025 /* Tut */,
				4CED25982A78EECF006F1CC9 /* HotProspectsApp.swift */,
				4CED259A2A78EECF006F1CC9 /* ContentView.swift */,
				4C598AF52A7E887300F51025 /* Prospect.swift */,
				4C598AF12A7E85E900F51025 /* ProspectsView.swift */,
				4C598AF32A7E85F200F51025 /* MeView.swift */,
				4CED259C2A78EED0006F1CC9 /* Assets.xcassets */,
				4CED259E2A78EED0006F1CC9 /* HotProspects.entitlements */,
				4CED259F2A78EED0006F1CC9 /* Preview Content */,
			);
			path = HotProspects;
			sourceTree = "<group>";
		};
		4CED259F2A78EED0006F1CC9 /* Preview Content */ = {
			isa = PBXGroup;
			children = (
				4CED25A02A78EED0006F1CC9 /* Preview Assets.xcassets */,
			);
			path = "Preview Content";
			sourceTree = "<group>";
		};
/* End PBXGroup section */

/* Begin PBXNativeTarget section */
		4CED25942A78EECF006F1CC9 /* HotProspects */ = {
			isa = PBXNativeTarget;
			buildConfigurationList = 4CED25A42A78EED0006F1CC9 /* Build configuration list for PBXNativeTarget "HotProspects" */;
			buildPhases = (
				4CED25912A78EECF006F1CC9 /* Sources */,
				4CED25922A78EECF006F1CC9 /* Frameworks */,
				4CED25932A78EECF006F1CC9 /* Resources */,
			);
			buildRules = (
			);
			dependencies = (
			);
			name = HotProspects;
			packageProductDependencies = (
				4C4769C72A7BBDF6003481CD /* SamplePackage */,
				4C76BCC42A7F7B4C0021A2AA /* CodeScanner */,
			);
			productName = HotProspects;
			productReference = 4CED25952A78EECF006F1CC9 /* HotProspects.app */;
			productType = "com.apple.product-type.application";
		};
/* End PBXNativeTarget section */

/* Begin PBXProject section */
		4CED258D2A78EECF006F1CC9 /* Project object */ = {
			isa = PBXProject;
			attributes = {
				BuildIndependentTargetsInParallel = 1;
				LastSwiftUpdateCheck = 1430;
				LastUpgradeCheck = 1430;
				TargetAttributes = {
					4CED25942A78EECF006F1CC9 = {
						CreatedOnToolsVersion = 14.3.1;
					};
				};
			};
			buildConfigurationList = 4CED25902A78EECF006F1CC9 /* Build configuration list for PBXProject "HotProspects" */;
			compatibilityVersion = "Xcode 14.0";
			developmentRegion = en;
			hasScannedForEncodings = 0;
			knownRegions = (
				en,
				Base,
			);
			mainGroup = 4CED258C2A78EECF006F1CC9;
			packageReferences = (
				4C4769C62A7BBDF6003481CD /* XCRemoteSwiftPackageReference "SamplePackage" */,
				4C76BCC32A7F7B4C0021A2AA /* XCRemoteSwiftPackageReference "CodeScanner" */,
			);
			productRefGroup = 4CED25962A78EECF006F1CC9 /* Products */;
			projectDirPath = "";
			projectRoot = "";
			targets = (
				4CED25942A78EECF006F1CC9 /* HotProspects */,
			);
		};
/* End PBXProject section */

/* Begin PBXResourcesBuildPhase section */
		4CED25932A78EECF006F1CC9 /* Resources */ = {
			isa = PBXResourcesBuildPhase;
			buildActionMask = 2147483647;
			files = (
				4CED25A12A78EED0006F1CC9 /* Preview Assets.xcassets in Resources */,
				4CED259D2A78EED0006F1CC9 /* Assets.xcassets in Resources */,
			);
			runOnlyForDeploymentPostprocessing = 0;
		};
/* End PBXResourcesBuildPhase section */

/* Begin PBXSourcesBuildPhase section */
		4CED25912A78EECF006F1CC9 /* Sources */ = {
			isa = PBXSourcesBuildPhase;
			buildActionMask = 2147483647;
			files = (
				4C598AF22A7E85E900F51025 /* ProspectsView.swift in Sources */,
				4C4769CA2A7BBE2A003481CD /* AddDependencies.swift in Sources */,
				4CED25AA2A78F170006F1CC9 /* TabsWTabView.swift in Sources */,
				4C598AF62A7E887400F51025 /* Prospect.swift in Sources */,
				4CED259B2A78EECF006F1CC9 /* ContentView.swift in Sources */,
				4C4769C32A7BB31F003481CD /* CustomRowSwipeAc.swift in Sources */,
				4CE448362A7A597F0065F11A /* SwiftResult.swift in Sources */,
				4CED25A82A78EF7F006F1CC9 /* EnvironmentObjectReading.swift in Sources */,
				4C4769C12A7BAEBE003481CD /* CreateContextMenus.swift in Sources */,
				4CED25992A78EECF006F1CC9 /* HotProspectsApp.swift in Sources */,
				4CE448382A7A5D760065F11A /* ControllImgInterpolation.swift in Sources */,
				4C4769C52A7BB86F003481CD /* LocalNotification.swift in Sources */,
				4CE448342A7A57830065F11A /* PblishObservable.swift in Sources */,
				4C598AF42A7E85F200F51025 /* MeView.swift in Sources */,
			);
			runOnlyForDeploymentPostprocessing = 0;
		};
/* End PBXSourcesBuildPhase section */

/* Begin XCBuildConfiguration section */
		4CED25A22A78EED0006F1CC9 /* Debug */ = {
			isa = XCBuildConfiguration;
			buildSettings = {
				ALWAYS_SEARCH_USER_PATHS = NO;
				CLANG_ANALYZER_NONNULL = YES;
				CLANG_ANALYZER_NUMBER_OBJECT_CONVERSION = YES_AGGRESSIVE;
				CLANG_CXX_LANGUAGE_STANDARD = "gnu++20";
				CLANG_ENABLE_MODULES = YES;
				CLANG_ENABLE_OBJC_ARC = YES;
				CLANG_ENABLE_OBJC_WEAK = YES;
				CLANG_WARN_BLOCK_CAPTURE_AUTORELEASING = YES;
				CLANG_WARN_BOOL_CONVERSION = YES;
				CLANG_WARN_COMMA = YES;
				CLANG_WARN_CONSTANT_CONVERSION = YES;
				CLANG_WARN_DEPRECATED_OBJC_IMPLEMENTATIONS = YES;
				CLANG_WARN_DIRECT_OBJC_ISA_USAGE = YES_ERROR;
				CLANG_WARN_DOCUMENTATION_COMMENTS = YES;
				CLANG_WARN_EMPTY_BODY = YES;
				CLANG_WARN_ENUM_CONVERSION = YES;
				CLANG_WARN_INFINITE_RECURSION = YES;
				CLANG_WARN_INT_CONVERSION = YES;
				CLANG_WARN_NON_LITERAL_NULL_CONVERSION = YES;
				CLANG_WARN_OBJC_IMPLICIT_RETAIN_SELF = YES;
				CLANG_WARN_OBJC_LITERAL_CONVERSION = YES;
				CLANG_WARN_OBJC_ROOT_CLASS = YES_ERROR;
				CLANG_WARN_QUOTED_INCLUDE_IN_FRAMEWORK_HEADER = YES;
				CLANG_WARN_RANGE_LOOP_ANALYSIS = YES;
				CLANG_WARN_STRICT_PROTOTYPES = YES;
				CLANG_WARN_SUSPICIOUS_MOVE = YES;
				CLANG_WARN_UNGUARDED_AVAILABILITY = YES_AGGRESSIVE;
				CLANG_WARN_UNREACHABLE_CODE = YES;
				CLANG_WARN__DUPLICATE_METHOD_MATCH = YES;
				COPY_PHASE_STRIP = NO;
				DEBUG_INFORMATION_FORMAT = dwarf;
				ENABLE_STRICT_OBJC_MSGSEND = YES;
				ENABLE_TESTABILITY = YES;
				GCC_C_LANGUAGE_STANDARD = gnu11;
				GCC_DYNAMIC_NO_PIC = NO;
				GCC_NO_COMMON_BLOCKS = YES;
				GCC_OPTIMIZATION_LEVEL = 0;
				GCC_PREPROCESSOR_DEFINITIONS = (
					"DEBUG=1",
					"$(inherited)",
				);
				GCC_WARN_64_TO_32_BIT_CONVERSION = YES;
				GCC_WARN_ABOUT_RETURN_TYPE = YES_ERROR;
				GCC_WARN_UNDECLARED_SELECTOR = YES;
				GCC_WARN_UNINITIALIZED_AUTOS = YES_AGGRESSIVE;
				GCC_WARN_UNUSED_FUNCTION = YES;
				GCC_WARN_UNUSED_VARIABLE = YES;
				MTL_ENABLE_DEBUG_INFO = INCLUDE_SOURCE;
				MTL_FAST_MATH = YES;
				ONLY_ACTIVE_ARCH = YES;
				SWIFT_ACTIVE_COMPILATION_CONDITIONS = DEBUG;
				SWIFT_OPTIMIZATION_LEVEL = "-Onone";
			};
			name = Debug;
		};
		4CED25A32A78EED0006F1CC9 /* Release */ = {
			isa = XCBuildConfiguration;
			buildSettings = {
				ALWAYS_SEARCH_USER_PATHS = NO;
				CLANG_ANALYZER_NONNULL = YES;
				CLANG_ANALYZER_NUMBER_OBJECT_CONVERSION = YES_AGGRESSIVE;
				CLANG_CXX_LANGUAGE_STANDARD = "gnu++20";
				CLANG_ENABLE_MODULES = YES;
				CLANG_ENABLE_OBJC_ARC = YES;
				CLANG_ENABLE_OBJC_WEAK = YES;
				CLANG_WARN_BLOCK_CAPTURE_AUTORELEASING = YES;
				CLANG_WARN_BOOL_CONVERSION = YES;
				CLANG_WARN_COMMA = YES;
				CLANG_WARN_CONSTANT_CONVERSION = YES;
				CLANG_WARN_DEPRECATED_OBJC_IMPLEMENTATIONS = YES;
				CLANG_WARN_DIRECT_OBJC_ISA_USAGE = YES_ERROR;
				CLANG_WARN_DOCUMENTATION_COMMENTS = YES;
				CLANG_WARN_EMPTY_BODY = YES;
				CLANG_WARN_ENUM_CONVERSION = YES;
				CLANG_WARN_INFINITE_RECURSION = YES;
				CLANG_WARN_INT_CONVERSION = YES;
				CLANG_WARN_NON_LITERAL_NULL_CONVERSION = YES;
				CLANG_WARN_OBJC_IMPLICIT_RETAIN_SELF = YES;
				CLANG_WARN_OBJC_LITERAL_CONVERSION = YES;
				CLANG_WARN_OBJC_ROOT_CLASS = YES_ERROR;
				CLANG_WARN_QUOTED_INCLUDE_IN_FRAMEWORK_HEADER = YES;
				CLANG_WARN_RANGE_LOOP_ANALYSIS = YES;
				CLANG_WARN_STRICT_PROTOTYPES = YES;
				CLANG_WARN_SUSPICIOUS_MOVE = YES;
				CLANG_WARN_UNGUARDED_AVAILABILITY = YES_AGGRESSIVE;
				CLANG_WARN_UNREACHABLE_CODE = YES;
				CLANG_WARN__DUPLICATE_METHOD_MATCH = YES;
				COPY_PHASE_STRIP = NO;
				DEBUG_INFORMATION_FORMAT = "dwarf-with-dsym";
				ENABLE_NS_ASSERTIONS = NO;
				ENABLE_STRICT_OBJC_MSGSEND = YES;
				GCC_C_LANGUAGE_STANDARD = gnu11;
				GCC_NO_COMMON_BLOCKS = YES;
				GCC_WARN_64_TO_32_BIT_CONVERSION = YES;
				GCC_WARN_ABOUT_RETURN_TYPE = YES_ERROR;
				GCC_WARN_UNDECLARED_SELECTOR = YES;
				GCC_WARN_UNINITIALIZED_AUTOS = YES_AGGRESSIVE;
				GCC_WARN_UNUSED_FUNCTION = YES;
				GCC_WARN_UNUSED_VARIABLE = YES;
				MTL_ENABLE_DEBUG_INFO = NO;
				MTL_FAST_MATH = YES;
				SWIFT_COMPILATION_MODE = wholemodule;
				SWIFT_OPTIMIZATION_LEVEL = "-O";
			};
			name = Release;
		};
		4CED25A52A78EED0006F1CC9 /* Debug */ = {
			isa = XCBuildConfiguration;
			buildSettings = {
				ASSETCATALOG_COMPILER_APPICON_NAME = AppIcon;
				ASSETCATALOG_COMPILER_GLOBAL_ACCENT_COLOR_NAME = AccentColor;
				CODE_SIGN_ENTITLEMENTS = HotProspects/HotProspects.entitlements;
				CODE_SIGN_STYLE = Automatic;
				CURRENT_PROJECT_VERSION = 1;
				DEVELOPMENT_ASSET_PATHS = "\"HotProspects/Preview Content\"";
				DEVELOPMENT_TEAM = P5KXU6U227;
				ENABLE_HARDENED_RUNTIME = YES;
				ENABLE_PREVIEWS = YES;
				GENERATE_INFOPLIST_FILE = YES;
				INFOPLIST_KEY_NSCameraUsageDescription = "We need camera to scan qr codes.";
				"INFOPLIST_KEY_UIApplicationSceneManifest_Generation[sdk=iphoneos*]" = YES;
				"INFOPLIST_KEY_UIApplicationSceneManifest_Generation[sdk=iphonesimulator*]" = YES;
				"INFOPLIST_KEY_UIApplicationSupportsIndirectInputEvents[sdk=iphoneos*]" = YES;
				"INFOPLIST_KEY_UIApplicationSupportsIndirectInputEvents[sdk=iphonesimulator*]" = YES;
				"INFOPLIST_KEY_UILaunchScreen_Generation[sdk=iphoneos*]" = YES;
				"INFOPLIST_KEY_UILaunchScreen_Generation[sdk=iphonesimulator*]" = YES;
				"INFOPLIST_KEY_UIStatusBarStyle[sdk=iphoneos*]" = UIStatusBarStyleDefault;
				"INFOPLIST_KEY_UIStatusBarStyle[sdk=iphonesimulator*]" = UIStatusBarStyleDefault;
				INFOPLIST_KEY_UISupportedInterfaceOrientations_iPad = "UIInterfaceOrientationPortrait UIInterfaceOrientationPortraitUpsideDown UIInterfaceOrientationLandscapeLeft UIInterfaceOrientationLandscapeRight";
				INFOPLIST_KEY_UISupportedInterfaceOrientations_iPhone = "UIInterfaceOrientationPortrait UIInterfaceOrientationLandscapeLeft UIInterfaceOrientationLandscapeRight";
				IPHONEOS_DEPLOYMENT_TARGET = 16.4;
				LD_RUNPATH_SEARCH_PATHS = "@executable_path/Frameworks";
				"LD_RUNPATH_SEARCH_PATHS[sdk=macosx*]" = "@executable_path/../Frameworks";
				MACOSX_DEPLOYMENT_TARGET = 13.3;
				MARKETING_VERSION = 1.0;
				PRODUCT_BUNDLE_IDENTIFIER = dev.kavrin.HotProspects;
				PRODUCT_NAME = "$(TARGET_NAME)";
				SDKROOT = auto;
				SUPPORTED_PLATFORMS = "iphoneos iphonesimulator macosx";
				SWIFT_EMIT_LOC_STRINGS = YES;
				SWIFT_VERSION = 5.0;
				TARGETED_DEVICE_FAMILY = "1,2";
			};
			name = Debug;
		};
		4CED25A62A78EED0006F1CC9 /* Release */ = {
			isa = XCBuildConfiguration;
			buildSettings = {
				ASSETCATALOG_COMPILER_APPICON_NAME = AppIcon;
				ASSETCATALOG_COMPILER_GLOBAL_ACCENT_COLOR_NAME = AccentColor;
				CODE_SIGN_ENTITLEMENTS = HotProspects/HotProspects.entitlements;
				CODE_SIGN_STYLE = Automatic;
				CURRENT_PROJECT_VERSION = 1;
				DEVELOPMENT_ASSET_PATHS = "\"HotProspects/Preview Content\"";
				DEVELOPMENT_TEAM = P5KXU6U227;
				ENABLE_HARDENED_RUNTIME = YES;
				ENABLE_PREVIEWS = YES;
				GENERATE_INFOPLIST_FILE = YES;
				INFOPLIST_KEY_NSCameraUsageDescription = "We need camera to scan qr codes.";
				"INFOPLIST_KEY_UIApplicationSceneManifest_Generation[sdk=iphoneos*]" = YES;
				"INFOPLIST_KEY_UIApplicationSceneManifest_Generation[sdk=iphonesimulator*]" = YES;
				"INFOPLIST_KEY_UIApplicationSupportsIndirectInputEvents[sdk=iphoneos*]" = YES;
				"INFOPLIST_KEY_UIApplicationSupportsIndirectInputEvents[sdk=iphonesimulator*]" = YES;
				"INFOPLIST_KEY_UILaunchScreen_Generation[sdk=iphoneos*]" = YES;
				"INFOPLIST_KEY_UILaunchScreen_Generation[sdk=iphonesimulator*]" = YES;
				"INFOPLIST_KEY_UIStatusBarStyle[sdk=iphoneos*]" = UIStatusBarStyleDefault;
				"INFOPLIST_KEY_UIStatusBarStyle[sdk=iphonesimulator*]" = UIStatusBarStyleDefault;
				INFOPLIST_KEY_UISupportedInterfaceOrientations_iPad = "UIInterfaceOrientationPortrait UIInterfaceOrientationPortraitUpsideDown UIInterfaceOrientationLandscapeLeft UIInterfaceOrientationLandscapeRight";
				INFOPLIST_KEY_UISupportedInterfaceOrientations_iPhone = "UIInterfaceOrientationPortrait UIInterfaceOrientationLandscapeLeft UIInterfaceOrientationLandscapeRight";
				IPHONEOS_DEPLOYMENT_TARGET = 16.4;
				LD_RUNPATH_SEARCH_PATHS = "@executable_path/Frameworks";
				"LD_RUNPATH_SEARCH_PATHS[sdk=macosx*]" = "@executable_path/../Frameworks";
				MACOSX_DEPLOYMENT_TARGET = 13.3;
				MARKETING_VERSION = 1.0;
				PRODUCT_BUNDLE_IDENTIFIER = dev.kavrin.HotProspects;
				PRODUCT_NAME = "$(TARGET_NAME)";
				SDKROOT = auto;
				SUPPORTED_PLATFORMS = "iphoneos iphonesimulator macosx";
				SWIFT_EMIT_LOC_STRINGS = YES;
				SWIFT_VERSION = 5.0;
				TARGETED_DEVICE_FAMILY = "1,2";
			};
			name = Release;
		};
/* End XCBuildConfiguration section */

/* Begin XCConfigurationList section */
		4CED25902A78EECF006F1CC9 /* Build configuration list for PBXProject "HotProspects" */ = {
			isa = XCConfigurationList;
			buildConfigurations = (
				4CED25A22A78EED0006F1CC9 /* Debug */,
				4CED25A32A78EED0006F1CC9 /* Release */,
			);
			defaultConfigurationIsVisible = 0;
			defaultConfigurationName = Release;
		};
		4CED25A42A78EED0006F1CC9 /* Build configuration list for PBXNativeTarget "HotProspects" */ = {
			isa = XCConfigurationList;
			buildConfigurations = (
				4CED25A52A78EED0006F1CC9 /* Debug */,
				4CED25A62A78EED0006F1CC9 /* Release */,
			);
			defaultConfigurationIsVisible = 0;
			defaultConfigurationName = Release;
		};
/* End XCConfigurationList section */

/* Begin XCRemoteSwiftPackageReference section */
		4C4769C62A7BBDF6003481CD /* XCRemoteSwiftPackageReference "SamplePackage" */ = {
			isa = XCRemoteSwiftPackageReference;
			repositoryURL = "https://github.com/twostraws/SamplePackage";
			requirement = {
				kind = upToNextMajorVersion;
				minimumVersion = 1.0.0;
			};
		};
		4C76BCC32A7F7B4C0021A2AA /* XCRemoteSwiftPackageReference "CodeScanner" */ = {
			isa = XCRemoteSwiftPackageReference;
			repositoryURL = "https://github.com/twostraws/CodeScanner";
			requirement = {
				kind = upToNextMajorVersion;
				minimumVersion = 2.0.0;
			};
		};
/* End XCRemoteSwiftPackageReference section */

/* Begin XCSwiftPackageProductDependency section */
		4C4769C72A7BBDF6003481CD /* SamplePackage */ = {
			isa = XCSwiftPackageProductDependency;
			package = 4C4769C62A7BBDF6003481CD /* XCRemoteSwiftPackageReference "SamplePackage" */;
			productName = SamplePackage;
		};
		4C76BCC42A7F7B4C0021A2AA /* CodeScanner */ = {
			isa = XCSwiftPackageProductDependency;
			package = 4C76BCC32A7F7B4C0021A2AA /* XCRemoteSwiftPackageReference "CodeScanner" */;
			productName = CodeScanner;
		};
/* End XCSwiftPackageProductDependency section */
	};
	rootObject = 4CED258D2A78EECF006F1CC9 /* Project object */;
}
