// !$*UTF8*$!
{
	archiveVersion = 1;
	classes = {
	};
	objectVersion = 56;
	objects = {

/* Begin PBXBuildFile section */
		4C0C236B2A307DB200BE9DAB /* DetailView.swift in Sources */ = {isa = PBXBuildFile; fileRef = 4C0C236A2A307DB200BE9DAB /* DetailView.swift */; };
		4CB319A72A2DCE37004E85C2 /* BookwormApp.swift in Sources */ = {isa = PBXBuildFile; fileRef = 4CB319A62A2DCE37004E85C2 /* BookwormApp.swift */; };
		4CB319A92A2DCE37004E85C2 /* ContentView.swift in Sources */ = {isa = PBXBuildFile; fileRef = 4CB319A82A2DCE37004E85C2 /* ContentView.swift */; };
		4CB319AB2A2DCE38004E85C2 /* Assets.xcassets in Resources */ = {isa = PBXBuildFile; fileRef = 4CB319AA2A2DCE38004E85C2 /* Assets.xcassets */; };
		4CB319AE2A2DCE38004E85C2 /* Preview Assets.xcassets in Resources */ = {isa = PBXBuildFile; fileRef = 4CB319AD2A2DCE38004E85C2 /* Preview Assets.xcassets */; };
		4CB319B62A2DDA3A004E85C2 /* BindingVsState.swift in Sources */ = {isa = PBXBuildFile; fileRef = 4CB319B52A2DDA3A004E85C2 /* BindingVsState.swift */; };
		4CB319B82A2DDA70004E85C2 /* TextInputMultiLine.swift in Sources */ = {isa = PBXBuildFile; fileRef = 4CB319B72A2DDA70004E85C2 /* TextInputMultiLine.swift */; };
		4CB319BA2A2DE75F004E85C2 /* CoreDataWithSwiftUi.swift in Sources */ = {isa = PBXBuildFile; fileRef = 4CB319B92A2DE75F004E85C2 /* CoreDataWithSwiftUi.swift */; };
		4CB319BD2A2DE8BD004E85C2 /* Bookworm.xcdatamodeld in Sources */ = {isa = PBXBuildFile; fileRef = 4CB319BB2A2DE8BD004E85C2 /* Bookworm.xcdatamodeld */; };
		4CB319BF2A2DE91E004E85C2 /* DataController.swift in Sources */ = {isa = PBXBuildFile; fileRef = 4CB319BE2A2DE91E004E85C2 /* DataController.swift */; };
		4CDD0F5A2A2F2A47002F263B /* DataManager.swift in Sources */ = {isa = PBXBuildFile; fileRef = 4CDD0F592A2F2A47002F263B /* DataManager.swift */; };
		4CDD0F5D2A2F2B45002F263B /* Bookworm2.xcdatamodeld in Sources */ = {isa = PBXBuildFile; fileRef = 4CDD0F5B2A2F2B45002F263B /* Bookworm2.xcdatamodeld */; };
		4CDD0F5F2A2F3582002F263B /* AddBookView.swift in Sources */ = {isa = PBXBuildFile; fileRef = 4CDD0F5E2A2F3582002F263B /* AddBookView.swift */; };
		4CDD0F612A2F3EA7002F263B /* RatingView.swift in Sources */ = {isa = PBXBuildFile; fileRef = 4CDD0F602A2F3EA7002F263B /* RatingView.swift */; };
		4CDD0F632A2F4127002F263B /* EmojiRatingView.swift in Sources */ = {isa = PBXBuildFile; fileRef = 4CDD0F622A2F4127002F263B /* EmojiRatingView.swift */; };
/* End PBXBuildFile section */

/* Begin PBXFileReference section */
		4C0C236A2A307DB200BE9DAB /* DetailView.swift */ = {isa = PBXFileReference; lastKnownFileType = sourcecode.swift; path = DetailView.swift; sourceTree = "<group>"; };
		4CB319A32A2DCE37004E85C2 /* Bookworm.app */ = {isa = PBXFileReference; explicitFileType = wrapper.application; includeInIndex = 0; path = Bookworm.app; sourceTree = BUILT_PRODUCTS_DIR; };
		4CB319A62A2DCE37004E85C2 /* BookwormApp.swift */ = {isa = PBXFileReference; lastKnownFileType = sourcecode.swift; path = BookwormApp.swift; sourceTree = "<group>"; };
		4CB319A82A2DCE37004E85C2 /* ContentView.swift */ = {isa = PBXFileReference; lastKnownFileType = sourcecode.swift; path = ContentView.swift; sourceTree = "<group>"; };
		4CB319AA2A2DCE38004E85C2 /* Assets.xcassets */ = {isa = PBXFileReference; lastKnownFileType = folder.assetcatalog; path = Assets.xcassets; sourceTree = "<group>"; };
		4CB319AD2A2DCE38004E85C2 /* Preview Assets.xcassets */ = {isa = PBXFileReference; lastKnownFileType = folder.assetcatalog; path = "Preview Assets.xcassets"; sourceTree = "<group>"; };
		4CB319B52A2DDA3A004E85C2 /* BindingVsState.swift */ = {isa = PBXFileReference; lastKnownFileType = sourcecode.swift; path = BindingVsState.swift; sourceTree = "<group>"; };
		4CB319B72A2DDA70004E85C2 /* TextInputMultiLine.swift */ = {isa = PBXFileReference; lastKnownFileType = sourcecode.swift; path = TextInputMultiLine.swift; sourceTree = "<group>"; };
		4CB319B92A2DE75F004E85C2 /* CoreDataWithSwiftUi.swift */ = {isa = PBXFileReference; lastKnownFileType = sourcecode.swift; path = CoreDataWithSwiftUi.swift; sourceTree = "<group>"; };
		4CB319BC2A2DE8BD004E85C2 /* Bookworm.xcdatamodel */ = {isa = PBXFileReference; lastKnownFileType = wrapper.xcdatamodel; path = Bookworm.xcdatamodel; sourceTree = "<group>"; };
		4CB319BE2A2DE91E004E85C2 /* DataController.swift */ = {isa = PBXFileReference; lastKnownFileType = sourcecode.swift; path = DataController.swift; sourceTree = "<group>"; };
		4CDD0F592A2F2A47002F263B /* DataManager.swift */ = {isa = PBXFileReference; lastKnownFileType = sourcecode.swift; path = DataManager.swift; sourceTree = "<group>"; };
		4CDD0F5C2A2F2B45002F263B /* Bookworm2.xcdatamodel */ = {isa = PBXFileReference; lastKnownFileType = wrapper.xcdatamodel; path = Bookworm2.xcdatamodel; sourceTree = "<group>"; };
		4CDD0F5E2A2F3582002F263B /* AddBookView.swift */ = {isa = PBXFileReference; lastKnownFileType = sourcecode.swift; path = AddBookView.swift; sourceTree = "<group>"; };
		4CDD0F602A2F3EA7002F263B /* RatingView.swift */ = {isa = PBXFileReference; lastKnownFileType = sourcecode.swift; path = RatingView.swift; sourceTree = "<group>"; };
		4CDD0F622A2F4127002F263B /* EmojiRatingView.swift */ = {isa = PBXFileReference; lastKnownFileType = sourcecode.swift; path = EmojiRatingView.swift; sourceTree = "<group>"; };
/* End PBXFileReference section */

/* Begin PBXFrameworksBuildPhase section */
		4CB319A02A2DCE37004E85C2 /* Frameworks */ = {
			isa = PBXFrameworksBuildPhase;
			buildActionMask = 2147483647;
			files = (
			);
			runOnlyForDeploymentPostprocessing = 0;
		};
/* End PBXFrameworksBuildPhase section */

/* Begin PBXGroup section */
		4CB3199A2A2DCE37004E85C2 = {
			isa = PBXGroup;
			children = (
				4CB319A52A2DCE37004E85C2 /* Bookworm */,
				4CB319A42A2DCE37004E85C2 /* Products */,
			);
			sourceTree = "<group>";
		};
		4CB319A42A2DCE37004E85C2 /* Products */ = {
			isa = PBXGroup;
			children = (
				4CB319A32A2DCE37004E85C2 /* Bookworm.app */,
			);
			name = Products;
			sourceTree = "<group>";
		};
		4CB319A52A2DCE37004E85C2 /* Bookworm */ = {
			isa = PBXGroup;
			children = (
				4CB319B42A2DCE7C004E85C2 /* Tutorial */,
				4CB319A62A2DCE37004E85C2 /* BookwormApp.swift */,
				4CB319A82A2DCE37004E85C2 /* ContentView.swift */,
				4CDD0F592A2F2A47002F263B /* DataManager.swift */,
				4CDD0F5E2A2F3582002F263B /* AddBookView.swift */,
				4CDD0F602A2F3EA7002F263B /* RatingView.swift */,
				4CDD0F622A2F4127002F263B /* EmojiRatingView.swift */,
				4C0C236A2A307DB200BE9DAB /* DetailView.swift */,
				4CDD0F5B2A2F2B45002F263B /* Bookworm2.xcdatamodeld */,
				4CB319AA2A2DCE38004E85C2 /* Assets.xcassets */,
				4CB319AC2A2DCE38004E85C2 /* Preview Content */,
			);
			path = Bookworm;
			sourceTree = "<group>";
		};
		4CB319AC2A2DCE38004E85C2 /* Preview Content */ = {
			isa = PBXGroup;
			children = (
				4CB319AD2A2DCE38004E85C2 /* Preview Assets.xcassets */,
			);
			path = "Preview Content";
			sourceTree = "<group>";
		};
		4CB319B42A2DCE7C004E85C2 /* Tutorial */ = {
			isa = PBXGroup;
			children = (
				4CB319B52A2DDA3A004E85C2 /* BindingVsState.swift */,
				4CB319B72A2DDA70004E85C2 /* TextInputMultiLine.swift */,
				4CB319B92A2DE75F004E85C2 /* CoreDataWithSwiftUi.swift */,
				4CB319BB2A2DE8BD004E85C2 /* Bookworm.xcdatamodeld */,
				4CB319BE2A2DE91E004E85C2 /* DataController.swift */,
			);
			path = Tutorial;
			sourceTree = "<group>";
		};
/* End PBXGroup section */

/* Begin PBXNativeTarget section */
		4CB319A22A2DCE37004E85C2 /* Bookworm */ = {
			isa = PBXNativeTarget;
			buildConfigurationList = 4CB319B12A2DCE38004E85C2 /* Build configuration list for PBXNativeTarget "Bookworm" */;
			buildPhases = (
				4CB3199F2A2DCE37004E85C2 /* Sources */,
				4CB319A02A2DCE37004E85C2 /* Frameworks */,
				4CB319A12A2DCE37004E85C2 /* Resources */,
			);
			buildRules = (
			);
			dependencies = (
			);
			name = Bookworm;
			productName = Bookworm;
			productReference = 4CB319A32A2DCE37004E85C2 /* Bookworm.app */;
			productType = "com.apple.product-type.application";
		};
/* End PBXNativeTarget section */

/* Begin PBXProject section */
		4CB3199B2A2DCE37004E85C2 /* Project object */ = {
			isa = PBXProject;
			attributes = {
				BuildIndependentTargetsInParallel = 1;
				LastSwiftUpdateCheck = 1430;
				LastUpgradeCheck = 1430;
				TargetAttributes = {
					4CB319A22A2DCE37004E85C2 = {
						CreatedOnToolsVersion = 14.3.1;
					};
				};
			};
			buildConfigurationList = 4CB3199E2A2DCE37004E85C2 /* Build configuration list for PBXProject "Bookworm" */;
			compatibilityVersion = "Xcode 14.0";
			developmentRegion = en;
			hasScannedForEncodings = 0;
			knownRegions = (
				en,
				Base,
			);
			mainGroup = 4CB3199A2A2DCE37004E85C2;
			productRefGroup = 4CB319A42A2DCE37004E85C2 /* Products */;
			projectDirPath = "";
			projectRoot = "";
			targets = (
				4CB319A22A2DCE37004E85C2 /* Bookworm */,
			);
		};
/* End PBXProject section */

/* Begin PBXResourcesBuildPhase section */
		4CB319A12A2DCE37004E85C2 /* Resources */ = {
			isa = PBXResourcesBuildPhase;
			buildActionMask = 2147483647;
			files = (
				4CB319AE2A2DCE38004E85C2 /* Preview Assets.xcassets in Resources */,
				4CB319AB2A2DCE38004E85C2 /* Assets.xcassets in Resources */,
			);
			runOnlyForDeploymentPostprocessing = 0;
		};
/* End PBXResourcesBuildPhase section */

/* Begin PBXSourcesBuildPhase section */
		4CB3199F2A2DCE37004E85C2 /* Sources */ = {
			isa = PBXSourcesBuildPhase;
			buildActionMask = 2147483647;
			files = (
				4CDD0F612A2F3EA7002F263B /* RatingView.swift in Sources */,
				4CB319BF2A2DE91E004E85C2 /* DataController.swift in Sources */,
				4CDD0F5A2A2F2A47002F263B /* DataManager.swift in Sources */,
				4CB319A92A2DCE37004E85C2 /* ContentView.swift in Sources */,
				4CDD0F632A2F4127002F263B /* EmojiRatingView.swift in Sources */,
				4CDD0F5D2A2F2B45002F263B /* Bookworm2.xcdatamodeld in Sources */,
				4CDD0F5F2A2F3582002F263B /* AddBookView.swift in Sources */,
				4C0C236B2A307DB200BE9DAB /* DetailView.swift in Sources */,
				4CB319BD2A2DE8BD004E85C2 /* Bookworm.xcdatamodeld in Sources */,
				4CB319BA2A2DE75F004E85C2 /* CoreDataWithSwiftUi.swift in Sources */,
				4CB319A72A2DCE37004E85C2 /* BookwormApp.swift in Sources */,
				4CB319B62A2DDA3A004E85C2 /* BindingVsState.swift in Sources */,
				4CB319B82A2DDA70004E85C2 /* TextInputMultiLine.swift in Sources */,
			);
			runOnlyForDeploymentPostprocessing = 0;
		};
/* End PBXSourcesBuildPhase section */

/* Begin XCBuildConfiguration section */
		4CB319AF2A2DCE38004E85C2 /* Debug */ = {
			isa = XCBuildConfiguration;
			buildSettings = {
				ALWAYS_SEARCH_USER_PATHS = NO;
				CLANG_ANALYZER_NONNULL = YES;
				CLANG_ANALYZER_NUMBER_OBJECT_CONVERSION = YES_AGGRESSIVE;
				CLANG_CXX_LANGUAGE_STANDARD = "gnu++20";
				CLANG_ENABLE_MODULES = YES;
				CLANG_ENABLE_OBJC_ARC = YES;
				CLANG_ENABLE_OBJC_WEAK = YES;
				CLANG_WARN_BLOCK_CAPTURE_AUTORELEASING = YES;
				CLANG_WARN_BOOL_CONVERSION = YES;
				CLANG_WARN_COMMA = YES;
				CLANG_WARN_CONSTANT_CONVERSION = YES;
				CLANG_WARN_DEPRECATED_OBJC_IMPLEMENTATIONS = YES;
				CLANG_WARN_DIRECT_OBJC_ISA_USAGE = YES_ERROR;
				CLANG_WARN_DOCUMENTATION_COMMENTS = YES;
				CLANG_WARN_EMPTY_BODY = YES;
				CLANG_WARN_ENUM_CONVERSION = YES;
				CLANG_WARN_INFINITE_RECURSION = YES;
				CLANG_WARN_INT_CONVERSION = YES;
				CLANG_WARN_NON_LITERAL_NULL_CONVERSION = YES;
				CLANG_WARN_OBJC_IMPLICIT_RETAIN_SELF = YES;
				CLANG_WARN_OBJC_LITERAL_CONVERSION = YES;
				CLANG_WARN_OBJC_ROOT_CLASS = YES_ERROR;
				CLANG_WARN_QUOTED_INCLUDE_IN_FRAMEWORK_HEADER = YES;
				CLANG_WARN_RANGE_LOOP_ANALYSIS = YES;
				CLANG_WARN_STRICT_PROTOTYPES = YES;
				CLANG_WARN_SUSPICIOUS_MOVE = YES;
				CLANG_WARN_UNGUARDED_AVAILABILITY = YES_AGGRESSIVE;
				CLANG_WARN_UNREACHABLE_CODE = YES;
				CLANG_WARN__DUPLICATE_METHOD_MATCH = YES;
				COPY_PHASE_STRIP = NO;
				DEBUG_INFORMATION_FORMAT = dwarf;
				ENABLE_STRICT_OBJC_MSGSEND = YES;
				ENABLE_TESTABILITY = YES;
				GCC_C_LANGUAGE_STANDARD = gnu11;
				GCC_DYNAMIC_NO_PIC = NO;
				GCC_NO_COMMON_BLOCKS = YES;
				GCC_OPTIMIZATION_LEVEL = 0;
				GCC_PREPROCESSOR_DEFINITIONS = (
					"DEBUG=1",
					"$(inherited)",
				);
				GCC_WARN_64_TO_32_BIT_CONVERSION = YES;
				GCC_WARN_ABOUT_RETURN_TYPE = YES_ERROR;
				GCC_WARN_UNDECLARED_SELECTOR = YES;
				GCC_WARN_UNINITIALIZED_AUTOS = YES_AGGRESSIVE;
				GCC_WARN_UNUSED_FUNCTION = YES;
				GCC_WARN_UNUSED_VARIABLE = YES;
				IPHONEOS_DEPLOYMENT_TARGET = 16.4;
				MTL_ENABLE_DEBUG_INFO = INCLUDE_SOURCE;
				MTL_FAST_MATH = YES;
				ONLY_ACTIVE_ARCH = YES;
				SDKROOT = iphoneos;
				SWIFT_ACTIVE_COMPILATION_CONDITIONS = DEBUG;
				SWIFT_OPTIMIZATION_LEVEL = "-Onone";
			};
			name = Debug;
		};
		4CB319B02A2DCE38004E85C2 /* Release */ = {
			isa = XCBuildConfiguration;
			buildSettings = {
				ALWAYS_SEARCH_USER_PATHS = NO;
				CLANG_ANALYZER_NONNULL = YES;
				CLANG_ANALYZER_NUMBER_OBJECT_CONVERSION = YES_AGGRESSIVE;
				CLANG_CXX_LANGUAGE_STANDARD = "gnu++20";
				CLANG_ENABLE_MODULES = YES;
				CLANG_ENABLE_OBJC_ARC = YES;
				CLANG_ENABLE_OBJC_WEAK = YES;
				CLANG_WARN_BLOCK_CAPTURE_AUTORELEASING = YES;
				CLANG_WARN_BOOL_CONVERSION = YES;
				CLANG_WARN_COMMA = YES;
				CLANG_WARN_CONSTANT_CONVERSION = YES;
				CLANG_WARN_DEPRECATED_OBJC_IMPLEMENTATIONS = YES;
				CLANG_WARN_DIRECT_OBJC_ISA_USAGE = YES_ERROR;
				CLANG_WARN_DOCUMENTATION_COMMENTS = YES;
				CLANG_WARN_EMPTY_BODY = YES;
				CLANG_WARN_ENUM_CONVERSION = YES;
				CLANG_WARN_INFINITE_RECURSION = YES;
				CLANG_WARN_INT_CONVERSION = YES;
				CLANG_WARN_NON_LITERAL_NULL_CONVERSION = YES;
				CLANG_WARN_OBJC_IMPLICIT_RETAIN_SELF = YES;
				CLANG_WARN_OBJC_LITERAL_CONVERSION = YES;
				CLANG_WARN_OBJC_ROOT_CLASS = YES_ERROR;
				CLANG_WARN_QUOTED_INCLUDE_IN_FRAMEWORK_HEADER = YES;
				CLANG_WARN_RANGE_LOOP_ANALYSIS = YES;
				CLANG_WARN_STRICT_PROTOTYPES = YES;
				CLANG_WARN_SUSPICIOUS_MOVE = YES;
				CLANG_WARN_UNGUARDED_AVAILABILITY = YES_AGGRESSIVE;
				CLANG_WARN_UNREACHABLE_CODE = YES;
				CLANG_WARN__DUPLICATE_METHOD_MATCH = YES;
				COPY_PHASE_STRIP = NO;
				DEBUG_INFORMATION_FORMAT = "dwarf-with-dsym";
				ENABLE_NS_ASSERTIONS = NO;
				ENABLE_STRICT_OBJC_MSGSEND = YES;
				GCC_C_LANGUAGE_STANDARD = gnu11;
				GCC_NO_COMMON_BLOCKS = YES;
				GCC_WARN_64_TO_32_BIT_CONVERSION = YES;
				GCC_WARN_ABOUT_RETURN_TYPE = YES_ERROR;
				GCC_WARN_UNDECLARED_SELECTOR = YES;
				GCC_WARN_UNINITIALIZED_AUTOS = YES_AGGRESSIVE;
				GCC_WARN_UNUSED_FUNCTION = YES;
				GCC_WARN_UNUSED_VARIABLE = YES;
				IPHONEOS_DEPLOYMENT_TARGET = 16.4;
				MTL_ENABLE_DEBUG_INFO = NO;
				MTL_FAST_MATH = YES;
				SDKROOT = iphoneos;
				SWIFT_COMPILATION_MODE = wholemodule;
				SWIFT_OPTIMIZATION_LEVEL = "-O";
				VALIDATE_PRODUCT = YES;
			};
			name = Release;
		};
		4CB319B22A2DCE38004E85C2 /* Debug */ = {
			isa = XCBuildConfiguration;
			buildSettings = {
				ASSETCATALOG_COMPILER_APPICON_NAME = AppIcon;
				ASSETCATALOG_COMPILER_GLOBAL_ACCENT_COLOR_NAME = AccentColor;
				CODE_SIGN_STYLE = Automatic;
				CURRENT_PROJECT_VERSION = 1;
				DEVELOPMENT_ASSET_PATHS = "\"Bookworm/Preview Content\"";
				ENABLE_PREVIEWS = YES;
				GENERATE_INFOPLIST_FILE = YES;
				INFOPLIST_KEY_UIApplicationSceneManifest_Generation = YES;
				INFOPLIST_KEY_UIApplicationSupportsIndirectInputEvents = YES;
				INFOPLIST_KEY_UILaunchScreen_Generation = YES;
				INFOPLIST_KEY_UISupportedInterfaceOrientations_iPad = "UIInterfaceOrientationPortrait UIInterfaceOrientationPortraitUpsideDown UIInterfaceOrientationLandscapeLeft UIInterfaceOrientationLandscapeRight";
				INFOPLIST_KEY_UISupportedInterfaceOrientations_iPhone = "UIInterfaceOrientationPortrait UIInterfaceOrientationLandscapeLeft UIInterfaceOrientationLandscapeRight";
				LD_RUNPATH_SEARCH_PATHS = (
					"$(inherited)",
					"@executable_path/Frameworks",
				);
				MARKETING_VERSION = 1.0;
				PRODUCT_BUNDLE_IDENTIFIER = dev.kavrin.Bookworm;
				PRODUCT_NAME = "$(TARGET_NAME)";
				SWIFT_EMIT_LOC_STRINGS = YES;
				SWIFT_VERSION = 5.0;
				TARGETED_DEVICE_FAMILY = "1,2";
			};
			name = Debug;
		};
		4CB319B32A2DCE38004E85C2 /* Release */ = {
			isa = XCBuildConfiguration;
			buildSettings = {
				ASSETCATALOG_COMPILER_APPICON_NAME = AppIcon;
				ASSETCATALOG_COMPILER_GLOBAL_ACCENT_COLOR_NAME = AccentColor;
				CODE_SIGN_STYLE = Automatic;
				CURRENT_PROJECT_VERSION = 1;
				DEVELOPMENT_ASSET_PATHS = "\"Bookworm/Preview Content\"";
				ENABLE_PREVIEWS = YES;
				GENERATE_INFOPLIST_FILE = YES;
				INFOPLIST_KEY_UIApplicationSceneManifest_Generation = YES;
				INFOPLIST_KEY_UIApplicationSupportsIndirectInputEvents = YES;
				INFOPLIST_KEY_UILaunchScreen_Generation = YES;
				INFOPLIST_KEY_UISupportedInterfaceOrientations_iPad = "UIInterfaceOrientationPortrait UIInterfaceOrientationPortraitUpsideDown UIInterfaceOrientationLandscapeLeft UIInterfaceOrientationLandscapeRight";
				INFOPLIST_KEY_UISupportedInterfaceOrientations_iPhone = "UIInterfaceOrientationPortrait UIInterfaceOrientationLandscapeLeft UIInterfaceOrientationLandscapeRight";
				LD_RUNPATH_SEARCH_PATHS = (
					"$(inherited)",
					"@executable_path/Frameworks",
				);
				MARKETING_VERSION = 1.0;
				PRODUCT_BUNDLE_IDENTIFIER = dev.kavrin.Bookworm;
				PRODUCT_NAME = "$(TARGET_NAME)";
				SWIFT_EMIT_LOC_STRINGS = YES;
				SWIFT_VERSION = 5.0;
				TARGETED_DEVICE_FAMILY = "1,2";
			};
			name = Release;
		};
/* End XCBuildConfiguration section */

/* Begin XCConfigurationList section */
		4CB3199E2A2DCE37004E85C2 /* Build configuration list for PBXProject "Bookworm" */ = {
			isa = XCConfigurationList;
			buildConfigurations = (
				4CB319AF2A2DCE38004E85C2 /* Debug */,
				4CB319B02A2DCE38004E85C2 /* Release */,
			);
			defaultConfigurationIsVisible = 0;
			defaultConfigurationName = Release;
		};
		4CB319B12A2DCE38004E85C2 /* Build configuration list for PBXNativeTarget "Bookworm" */ = {
			isa = XCConfigurationList;
			buildConfigurations = (
				4CB319B22A2DCE38004E85C2 /* Debug */,
				4CB319B32A2DCE38004E85C2 /* Release */,
			);
			defaultConfigurationIsVisible = 0;
			defaultConfigurationName = Release;
		};
/* End XCConfigurationList section */

/* Begin XCVersionGroup section */
		4CB319BB2A2DE8BD004E85C2 /* Bookworm.xcdatamodeld */ = {
			isa = XCVersionGroup;
			children = (
				4CB319BC2A2DE8BD004E85C2 /* Bookworm.xcdatamodel */,
			);
			currentVersion = 4CB319BC2A2DE8BD004E85C2 /* Bookworm.xcdatamodel */;
			path = Bookworm.xcdatamodeld;
			sourceTree = "<group>";
			versionGroupType = wrapper.xcdatamodel;
		};
		4CDD0F5B2A2F2B45002F263B /* Bookworm2.xcdatamodeld */ = {
			isa = XCVersionGroup;
			children = (
				4CDD0F5C2A2F2B45002F263B /* Bookworm2.xcdatamodel */,
			);
			currentVersion = 4CDD0F5C2A2F2B45002F263B /* Bookworm2.xcdatamodel */;
			path = Bookworm2.xcdatamodeld;
			sourceTree = "<group>";
			versionGroupType = wrapper.xcdatamodel;
		};
/* End XCVersionGroup section */
	};
	rootObject = 4CB3199B2A2DCE37004E85C2 /* Project object */;
}
